// !$*UTF8*$!
{
	archiveVersion = 1;
	classes = {
	};
	objectVersion = 48;
	objects = {

/* Begin PBXBuildFile section */
		4E752465217CA80E00D2BEA6 /* 아기 상어.cpp in Sources */ = {isa = PBXBuildFile; fileRef = 4E752464217CA80E00D2BEA6 /* 아기 상어.cpp */; };
/* End PBXBuildFile section */

/* Begin PBXCopyFilesBuildPhase section */
		4ED4C7C81FBDD7C2008D7465 /* CopyFiles */ = {
			isa = PBXCopyFilesBuildPhase;
			buildActionMask = 2147483647;
			dstPath = /usr/share/man/man1/;
			dstSubfolderSpec = 0;
			files = (
			);
			runOnlyForDeploymentPostprocessing = 1;
		};
/* End PBXCopyFilesBuildPhase section */

/* Begin PBXFileReference section */
		4E00A3792170921D0044D8D9 /* 구슬 탈출 2.cpp */ = {isa = PBXFileReference; lastKnownFileType = sourcecode.cpp.cpp; path = "구슬 탈출 2.cpp"; sourceTree = "<group>"; };
		4E0735DE1FF5D1C4009282EF /* 11727.cpp */ = {isa = PBXFileReference; lastKnownFileType = sourcecode.cpp.cpp; path = 11727.cpp; sourceTree = "<group>"; };
		4E0735E01FF5D2E5009282EF /* 9095.cpp */ = {isa = PBXFileReference; lastKnownFileType = sourcecode.cpp.cpp; path = 9095.cpp; sourceTree = "<group>"; };
		4E0735E21FF5D78B009282EF /* 2748.cpp */ = {isa = PBXFileReference; lastKnownFileType = sourcecode.cpp.cpp; path = 2748.cpp; sourceTree = "<group>"; };
		4E0735E41FF5F0C8009282EF /* 1094.cpp */ = {isa = PBXFileReference; lastKnownFileType = sourcecode.cpp.cpp; path = 1094.cpp; sourceTree = "<group>"; };
		4E0735E61FF5F2C9009282EF /* 3046.cpp */ = {isa = PBXFileReference; lastKnownFileType = sourcecode.cpp.cpp; path = 3046.cpp; sourceTree = "<group>"; };
		4E0735E81FF5F567009282EF /* 5565.cpp */ = {isa = PBXFileReference; lastKnownFileType = sourcecode.cpp.cpp; path = 5565.cpp; sourceTree = "<group>"; };
		4E0735EA1FF5F7F1009282EF /* 7572.cpp */ = {isa = PBXFileReference; lastKnownFileType = sourcecode.cpp.cpp; path = 7572.cpp; sourceTree = "<group>"; };
		4E0735EC1FF5FE36009282EF /* 2455.cpp */ = {isa = PBXFileReference; lastKnownFileType = sourcecode.cpp.cpp; path = 2455.cpp; sourceTree = "<group>"; };
		4E08BED11FF221B300F49E68 /* 2588.cpp */ = {isa = PBXFileReference; lastKnownFileType = sourcecode.cpp.cpp; path = 2588.cpp; sourceTree = "<group>"; };
		4E08BED31FF227DF00F49E68 /* 2445.cpp */ = {isa = PBXFileReference; lastKnownFileType = sourcecode.cpp.cpp; path = 2445.cpp; sourceTree = "<group>"; };
		4E08BED51FF22B3100F49E68 /* 2446.cpp */ = {isa = PBXFileReference; lastKnownFileType = sourcecode.cpp.cpp; path = 2446.cpp; sourceTree = "<group>"; };
		4E08BED71FF22CF300F49E68 /* 2522.cpp */ = {isa = PBXFileReference; lastKnownFileType = sourcecode.cpp.cpp; path = 2522.cpp; sourceTree = "<group>"; };
		4E08BEDA1FF231B100F49E68 /* 10991.cpp */ = {isa = PBXFileReference; lastKnownFileType = sourcecode.cpp.cpp; path = 10991.cpp; sourceTree = "<group>"; };
		4E08DE0F214A9F9600EF0E25 /* 11399.cpp */ = {isa = PBXFileReference; lastKnownFileType = sourcecode.cpp.cpp; path = 11399.cpp; sourceTree = "<group>"; };
		4E08DE11214AA17900EF0E25 /* 2003.cpp */ = {isa = PBXFileReference; lastKnownFileType = sourcecode.cpp.cpp; path = 2003.cpp; sourceTree = "<group>"; };
		4E08DE13214AA82700EF0E25 /* 8979.cpp */ = {isa = PBXFileReference; lastKnownFileType = sourcecode.cpp.cpp; path = 8979.cpp; sourceTree = "<group>"; };
		4E09E90820FF951B00E85B2E /* 마지막생존자.cpp */ = {isa = PBXFileReference; lastKnownFileType = sourcecode.cpp.cpp; path = "마지막생존자.cpp"; sourceTree = "<group>"; };
		4E13E2EE2016FA6400032D79 /* 1100.cpp */ = {isa = PBXFileReference; lastKnownFileType = sourcecode.cpp.cpp; path = 1100.cpp; sourceTree = "<group>"; };
		4E13E2F02016FCE500032D79 /* 10808.cpp */ = {isa = PBXFileReference; lastKnownFileType = sourcecode.cpp.cpp; path = 10808.cpp; sourceTree = "<group>"; };
		4E13E2F22016FDED00032D79 /* 2908.cpp */ = {isa = PBXFileReference; lastKnownFileType = sourcecode.cpp.cpp; name = 2908.cpp; path = ../incorrect/2908.cpp; sourceTree = "<group>"; };
		4E13E2F42017001300032D79 /* 1157.cpp */ = {isa = PBXFileReference; lastKnownFileType = sourcecode.cpp.cpp; path = 1157.cpp; sourceTree = "<group>"; };
		4E149C6B1FC83A3A00CF3838 /* 2644.cpp */ = {isa = PBXFileReference; lastKnownFileType = sourcecode.cpp.cpp; path = 2644.cpp; sourceTree = "<group>"; };
		4E149C6D1FC83F8000CF3838 /* 10026.cpp */ = {isa = PBXFileReference; lastKnownFileType = sourcecode.cpp.cpp; path = 10026.cpp; sourceTree = "<group>"; };
		4E1D5E992073D92C00BEAF2E /* 14499.cpp */ = {isa = PBXFileReference; lastKnownFileType = sourcecode.cpp.cpp; path = 14499.cpp; sourceTree = "<group>"; };
		4E21B6F5217B4B1A008EF8FE /* 조합_연습.cpp */ = {isa = PBXFileReference; lastKnownFileType = sourcecode.cpp.cpp; path = "조합_연습.cpp"; sourceTree = "<group>"; };
		4E23EAB11FC6B28400591679 /* 9655.cpp */ = {isa = PBXFileReference; lastKnownFileType = sourcecode.cpp.cpp; path = 9655.cpp; sourceTree = "<group>"; };
		4E23EAB31FC6B42900591679 /* 14920.cpp */ = {isa = PBXFileReference; lastKnownFileType = sourcecode.cpp.cpp; path = 14920.cpp; sourceTree = "<group>"; };
		4E242BEA21747CA200350276 /* 일곱 난쟁이.cpp */ = {isa = PBXFileReference; lastKnownFileType = sourcecode.cpp.cpp; path = "일곱 난쟁이.cpp"; sourceTree = "<group>"; };
		4E242BEC2174C83E00350276 /* 스도쿠.cpp */ = {isa = PBXFileReference; lastKnownFileType = sourcecode.cpp.cpp; path = "스도쿠.cpp"; sourceTree = "<group>"; };
		4E242BEE2174D46100350276 /* 벽 부수고 이동하기.cpp */ = {isa = PBXFileReference; lastKnownFileType = sourcecode.cpp.cpp; path = "벽 부수고 이동하기.cpp"; sourceTree = "<group>"; };
		4E29F4421FF355DB00C46D36 /* 1654.cpp */ = {isa = PBXFileReference; lastKnownFileType = sourcecode.cpp.cpp; path = 1654.cpp; sourceTree = "<group>"; };
		4E29F4441FF3653F00C46D36 /* 2805.cpp */ = {isa = PBXFileReference; lastKnownFileType = sourcecode.cpp.cpp; path = 2805.cpp; sourceTree = "<group>"; };
		4E29F4461FF36FA200C46D36 /* 2110.cpp */ = {isa = PBXFileReference; lastKnownFileType = sourcecode.cpp.cpp; path = 2110.cpp; sourceTree = "<group>"; };
		4E29F4481FF37D2000C46D36 /* 10815.cpp */ = {isa = PBXFileReference; lastKnownFileType = sourcecode.cpp.cpp; path = 10815.cpp; sourceTree = "<group>"; };
		4E39BE802062A0CE008FD7F6 /* 14501.cpp */ = {isa = PBXFileReference; lastKnownFileType = sourcecode.cpp.cpp; path = 14501.cpp; sourceTree = "<group>"; };
		4E3A3D37203A6E7F00FEBF8A /* 6603.cpp */ = {isa = PBXFileReference; lastKnownFileType = sourcecode.cpp.cpp; path = 6603.cpp; sourceTree = "<group>"; };
		4E3D66C720356CAC00BF4609 /* 2986.cpp */ = {isa = PBXFileReference; lastKnownFileType = sourcecode.cpp.cpp; path = 2986.cpp; sourceTree = "<group>"; };
		4E403B4E20A3D1E90063EA82 /* 1937.cpp */ = {isa = PBXFileReference; lastKnownFileType = sourcecode.cpp.cpp; path = 1937.cpp; sourceTree = "<group>"; };
		4E403B5020A411530063EA82 /* 2023.cpp */ = {isa = PBXFileReference; lastKnownFileType = sourcecode.cpp.cpp; path = 2023.cpp; sourceTree = "<group>"; };
		4E404093204D115C00DBF82E /* 1292.cpp */ = {isa = PBXFileReference; lastKnownFileType = sourcecode.cpp.cpp; path = 1292.cpp; sourceTree = "<group>"; };
		4E45BE4B207E2580000F1399 /* 10814.cpp */ = {isa = PBXFileReference; lastKnownFileType = sourcecode.cpp.cpp; path = 10814.cpp; sourceTree = "<group>"; };
		4E4943652066AB41006A4703 /* 특이한 자석.cpp */ = {isa = PBXFileReference; lastKnownFileType = sourcecode.cpp.cpp; path = "특이한 자석.cpp"; sourceTree = "<group>"; };
		4E4943672067D625006A4703 /* 14891.cpp */ = {isa = PBXFileReference; lastKnownFileType = sourcecode.cpp.cpp; path = 14891.cpp; sourceTree = "<group>"; };
		4E49436A2067F093006A4703 /* 숫자 만들기.cpp */ = {isa = PBXFileReference; lastKnownFileType = sourcecode.cpp.cpp; path = "숫자 만들기.cpp"; sourceTree = "<group>"; };
		4E4AAB8B1FC95E7100E709A7 /* 1012.cpp */ = {isa = PBXFileReference; lastKnownFileType = sourcecode.cpp.cpp; path = 1012.cpp; sourceTree = "<group>"; };
		4E4AAB8D1FC9621400E709A7 /* 14615.cpp */ = {isa = PBXFileReference; lastKnownFileType = sourcecode.cpp.cpp; path = 14615.cpp; sourceTree = "<group>"; };
		4E4AAB911FC9813000E709A7 /* 14938.cpp */ = {isa = PBXFileReference; lastKnownFileType = sourcecode.cpp.cpp; path = 14938.cpp; sourceTree = "<group>"; };
		4E4C25A51FEF863B00208E16 /* 14924.cpp */ = {isa = PBXFileReference; lastKnownFileType = sourcecode.cpp.cpp; path = 14924.cpp; sourceTree = "<group>"; };
		4E4C25A81FEF896C00208E16 /* 1322.cpp */ = {isa = PBXFileReference; lastKnownFileType = sourcecode.cpp.cpp; path = 1322.cpp; sourceTree = "<group>"; };
		4E4D49232008450500212602 /* 2884.cpp */ = {isa = PBXFileReference; lastKnownFileType = sourcecode.cpp.cpp; path = 2884.cpp; sourceTree = "<group>"; };
		4E4D492520087BE200212602 /* 10707.cpp */ = {isa = PBXFileReference; lastKnownFileType = sourcecode.cpp.cpp; path = 10707.cpp; sourceTree = "<group>"; };
		4E4D492720087EB000212602 /* 2822.cpp */ = {isa = PBXFileReference; lastKnownFileType = sourcecode.cpp.cpp; path = 2822.cpp; sourceTree = "<group>"; };
		4E4D4929200889F000212602 /* 5063.cpp */ = {isa = PBXFileReference; lastKnownFileType = sourcecode.cpp.cpp; path = 5063.cpp; sourceTree = "<group>"; };
		4E51B77C206B119C0093B57A /* 14890.cpp */ = {isa = PBXFileReference; lastKnownFileType = sourcecode.cpp.cpp; path = 14890.cpp; sourceTree = "<group>"; };
		4E51B781206E412B0093B57A /* 활주로 건설.cpp */ = {isa = PBXFileReference; lastKnownFileType = sourcecode.cpp.cpp; path = "활주로 건설.cpp"; sourceTree = "<group>"; };
		4E51B786206E5A200093B57A /* 14503.cpp */ = {isa = PBXFileReference; lastKnownFileType = sourcecode.cpp.cpp; path = 14503.cpp; sourceTree = "<group>"; };
		4E51DD2820567C1F00D2699E /* 2869.cpp */ = {isa = PBXFileReference; lastKnownFileType = sourcecode.cpp.cpp; path = 2869.cpp; sourceTree = "<group>"; };
		4E51DD2A20567D2D00D2699E /* 2512.cpp */ = {isa = PBXFileReference; lastKnownFileType = sourcecode.cpp.cpp; path = 2512.cpp; sourceTree = "<group>"; };
		4E51DD2D2056A78100D2699E /* 14888.cpp */ = {isa = PBXFileReference; lastKnownFileType = sourcecode.cpp.cpp; path = 14888.cpp; sourceTree = "<group>"; };
		4E5404AA2029397E00E86488 /* 1260.cpp */ = {isa = PBXFileReference; lastKnownFileType = sourcecode.cpp.cpp; name = 1260.cpp; path = ../incorrect/1260.cpp; sourceTree = "<group>"; };
		4E5404AC2029433E00E86488 /* 1012.cpp */ = {isa = PBXFileReference; lastKnownFileType = sourcecode.cpp.cpp; name = 1012.cpp; path = ../incorrect/1012.cpp; sourceTree = "<group>"; };
		4E5404AE20294B7800E86488 /* 2667.cpp */ = {isa = PBXFileReference; lastKnownFileType = sourcecode.cpp.cpp; path = 2667.cpp; sourceTree = "<group>"; };
		4E5404B02029D89300E86488 /* 2468.cpp */ = {isa = PBXFileReference; lastKnownFileType = sourcecode.cpp.cpp; path = 2468.cpp; sourceTree = "<group>"; };
		4E5404B22029E08E00E86488 /* 2178.cpp */ = {isa = PBXFileReference; lastKnownFileType = sourcecode.cpp.cpp; name = 2178.cpp; path = ../incorrect/2178.cpp; sourceTree = "<group>"; };
		4E5404B4202A069B00E86488 /* 9663.cpp */ = {isa = PBXFileReference; lastKnownFileType = sourcecode.cpp.cpp; path = 9663.cpp; sourceTree = "<group>"; };
		4E5404B6202A06C400E86488 /* 1697.cpp */ = {isa = PBXFileReference; lastKnownFileType = sourcecode.cpp.cpp; path = 1697.cpp; sourceTree = "<group>"; };
		4E55565F1FC3A3350062E149 /* 7569.cpp */ = {isa = PBXFileReference; lastKnownFileType = sourcecode.cpp.cpp; path = 7569.cpp; sourceTree = "<group>"; };
		4E5556611FC3B4D70062E149 /* 1504.cpp */ = {isa = PBXFileReference; lastKnownFileType = sourcecode.cpp.cpp; path = 1504.cpp; sourceTree = "<group>"; };
		4E56B6B01FF34964001789E3 /* 10992.cpp */ = {isa = PBXFileReference; lastKnownFileType = sourcecode.cpp.cpp; name = 10992.cpp; path = ../incorrect/10992.cpp; sourceTree = "<group>"; };
		4E5A80862179C6AE00D5DB5E /* N과 M (10).cpp */ = {isa = PBXFileReference; lastKnownFileType = sourcecode.cpp.cpp; path = "N과 M (10).cpp"; sourceTree = "<group>"; };
		4E5A80882179C84700D5DB5E /* N과 M (11).cpp */ = {isa = PBXFileReference; lastKnownFileType = sourcecode.cpp.cpp; path = "N과 M (11).cpp"; sourceTree = "<group>"; };
		4E5A808A2179CF4800D5DB5E /* N과 M (12).cpp */ = {isa = PBXFileReference; lastKnownFileType = sourcecode.cpp.cpp; path = "N과 M (12).cpp"; sourceTree = "<group>"; };
		4E5AB199216FA53A00111862 /* 2048 (Easy).cpp */ = {isa = PBXFileReference; lastKnownFileType = sourcecode.cpp.cpp; path = "2048 (Easy).cpp"; sourceTree = "<group>"; };
		4E5CFCCC1FC7E19B0085CCD7 /* 1260.cpp */ = {isa = PBXFileReference; lastKnownFileType = sourcecode.cpp.cpp; path = 1260.cpp; sourceTree = "<group>"; };
		4E5CFCCE1FC7E5580085CCD7 /* 2178.cpp */ = {isa = PBXFileReference; lastKnownFileType = sourcecode.cpp.cpp; path = 2178.cpp; sourceTree = "<group>"; };
		4E5CFCD01FC7F1910085CCD7 /* 1389.cpp */ = {isa = PBXFileReference; lastKnownFileType = sourcecode.cpp.cpp; path = 1389.cpp; sourceTree = "<group>"; };
		4E5EF64921514A9000A06B64 /* 1652.cpp */ = {isa = PBXFileReference; lastKnownFileType = sourcecode.cpp.cpp; path = 1652.cpp; sourceTree = "<group>"; };
		4E66250D206500B60033CB45 /* 14502.cpp */ = {isa = PBXFileReference; lastKnownFileType = sourcecode.cpp.cpp; path = 14502.cpp; sourceTree = "<group>"; };
		4E66250F206503C50033CB45 /* 14889.cpp */ = {isa = PBXFileReference; lastKnownFileType = sourcecode.cpp.cpp; path = 14889.cpp; sourceTree = "<group>"; };
		4E66728120284E5D00EDBCE8 /* 2579.cpp */ = {isa = PBXFileReference; lastKnownFileType = sourcecode.cpp.cpp; path = 2579.cpp; sourceTree = "<group>"; };
		4E6CCF2120239C1F009879FF /* 9095.cpp */ = {isa = PBXFileReference; lastKnownFileType = sourcecode.cpp.cpp; name = 9095.cpp; path = ../incorrect/9095.cpp; sourceTree = "<group>"; };
		4E6CCF2420239D55009879FF /* 1932.cpp */ = {isa = PBXFileReference; lastKnownFileType = sourcecode.cpp.cpp; path = 1932.cpp; sourceTree = "<group>"; };
		4E6CCF262023A79B009879FF /* 1003.cpp */ = {isa = PBXFileReference; lastKnownFileType = sourcecode.cpp.cpp; name = 1003.cpp; path = ../incorrect/1003.cpp; sourceTree = "<group>"; };
		4E6CCF282023AB16009879FF /* 1149.cpp */ = {isa = PBXFileReference; lastKnownFileType = sourcecode.cpp.cpp; name = 1149.cpp; path = ../incorrect/1149.cpp; sourceTree = "<group>"; };
		4E6D36F71FC323BB0045AB2E /* 1238.cpp */ = {isa = PBXFileReference; lastKnownFileType = sourcecode.cpp.cpp; path = 1238.cpp; sourceTree = "<group>"; };
		4E6D36F91FC328850045AB2E /* 10775.cpp */ = {isa = PBXFileReference; lastKnownFileType = sourcecode.cpp.cpp; path = 10775.cpp; sourceTree = "<group>"; };
		4E6F27BC1FC5CC08002A452D /* 11943.cpp */ = {isa = PBXFileReference; lastKnownFileType = sourcecode.cpp.cpp; path = 11943.cpp; sourceTree = "<group>"; };
		4E6F27BE1FC5CCEA002A452D /* 5635.cpp */ = {isa = PBXFileReference; lastKnownFileType = sourcecode.cpp.cpp; path = 5635.cpp; sourceTree = "<group>"; };
		4E6F27C01FC5D215002A452D /* 3062.cpp */ = {isa = PBXFileReference; lastKnownFileType = sourcecode.cpp.cpp; path = 3062.cpp; sourceTree = "<group>"; };
		4E6F27C21FC5DB46002A452D /* 2669.cpp */ = {isa = PBXFileReference; lastKnownFileType = sourcecode.cpp.cpp; path = 2669.cpp; sourceTree = "<group>"; };
		4E6F27C41FC5DC97002A452D /* 11654.cpp */ = {isa = PBXFileReference; lastKnownFileType = sourcecode.cpp.cpp; path = 11654.cpp; sourceTree = "<group>"; };
		4E6F27C61FC5DD56002A452D /* 2577.cpp */ = {isa = PBXFileReference; lastKnownFileType = sourcecode.cpp.cpp; path = 2577.cpp; sourceTree = "<group>"; };
		4E70200E203A8FA700DBAD45 /* 1941.cpp */ = {isa = PBXFileReference; lastKnownFileType = sourcecode.cpp.cpp; path = 1941.cpp; sourceTree = "<group>"; };
		4E702010203A9AC200DBAD45 /* 2661.cpp */ = {isa = PBXFileReference; lastKnownFileType = sourcecode.cpp.cpp; path = 2661.cpp; sourceTree = "<group>"; };
		4E71442D200BBF2600EB0AFA /* 1065.cpp */ = {isa = PBXFileReference; lastKnownFileType = sourcecode.cpp.cpp; path = 1065.cpp; sourceTree = "<group>"; };
		4E71442F200BC15800EB0AFA /* 1977.cpp */ = {isa = PBXFileReference; lastKnownFileType = sourcecode.cpp.cpp; path = 1977.cpp; sourceTree = "<group>"; };
		4E71CD422080B5D60038D8EB /* 3190.cpp */ = {isa = PBXFileReference; lastKnownFileType = sourcecode.cpp.cpp; path = 3190.cpp; sourceTree = "<group>"; };
		4E73297F206A83C2002C861E /* 14442.cpp */ = {isa = PBXFileReference; lastKnownFileType = sourcecode.cpp.cpp; path = 14442.cpp; sourceTree = "<group>"; };
		4E74ED0E21646F3300E0BCA7 /* 연산자 끼워넣기.cpp */ = {isa = PBXFileReference; lastKnownFileType = sourcecode.cpp.cpp; path = "연산자 끼워넣기.cpp"; sourceTree = "<group>"; };
		4E74ED102164757800E0BCA7 /* 시험감독.cpp */ = {isa = PBXFileReference; lastKnownFileType = sourcecode.cpp.cpp; path = "시험감독.cpp"; sourceTree = "<group>"; };
		4E74ED142164898800E0BCA7 /* N과 M (2).cpp */ = {isa = PBXFileReference; lastKnownFileType = sourcecode.cpp.cpp; path = "N과 M (2).cpp"; sourceTree = "<group>"; };
		4E74ED162164923400E0BCA7 /* 로봇 청소기.cpp */ = {isa = PBXFileReference; lastKnownFileType = sourcecode.cpp.cpp; path = "로봇 청소기.cpp"; sourceTree = "<group>"; };
		4E74ED182164B62F00E0BCA7 /* 톱니바퀴.cpp */ = {isa = PBXFileReference; lastKnownFileType = sourcecode.cpp.cpp; path = "톱니바퀴.cpp"; sourceTree = "<group>"; };
		4E74ED1A2164E84F00E0BCA7 /* 연구소.cpp */ = {isa = PBXFileReference; lastKnownFileType = sourcecode.cpp.cpp; path = "연구소.cpp"; sourceTree = "<group>"; };
		4E74ED1C2164EC6100E0BCA7 /* 주사위 굴리기.cpp */ = {isa = PBXFileReference; lastKnownFileType = sourcecode.cpp.cpp; path = "주사위 굴리기.cpp"; sourceTree = "<group>"; };
		4E74ED1F21652C6500E0BCA7 /* 뱀.cpp */ = {isa = PBXFileReference; lastKnownFileType = sourcecode.cpp.cpp; path = "뱀.cpp"; sourceTree = "<group>"; };
		4E74ED21216532B100E0BCA7 /* N과 M (1).cpp */ = {isa = PBXFileReference; lastKnownFileType = sourcecode.cpp.cpp; path = "N과 M (1).cpp"; sourceTree = "<group>"; };
		4E752464217CA80E00D2BEA6 /* 아기 상어.cpp */ = {isa = PBXFileReference; lastKnownFileType = sourcecode.cpp.cpp; path = "아기 상어.cpp"; sourceTree = "<group>"; };
		4E8038BC207B95F800F1B48B /* 13458.cpp */ = {isa = PBXFileReference; lastKnownFileType = sourcecode.cpp.cpp; path = 13458.cpp; sourceTree = "<group>"; };
		4E8038BE207BA0EB00F1B48B /* 디저트 카페.cpp */ = {isa = PBXFileReference; lastKnownFileType = sourcecode.cpp.cpp; path = "디저트 카페.cpp"; sourceTree = "<group>"; };
		4E814BE0207BB51600AAC17B /* 미생물 격리.cpp */ = {isa = PBXFileReference; lastKnownFileType = sourcecode.cpp.cpp; path = "미생물 격리.cpp"; sourceTree = "<group>"; };
		4E814BE2207BB52900AAC17B /* 홈 방범 서비스.cpp */ = {isa = PBXFileReference; lastKnownFileType = sourcecode.cpp.cpp; path = "홈 방범 서비스.cpp"; sourceTree = "<group>"; };
		4E814BE8207BB56900AAC17B /* 탈주범 검거.cpp */ = {isa = PBXFileReference; lastKnownFileType = sourcecode.cpp.cpp; path = "탈주범 검거.cpp"; sourceTree = "<group>"; };
		4E814BEA207BB58B00AAC17B /* 수영장.cpp */ = {isa = PBXFileReference; lastKnownFileType = sourcecode.cpp.cpp; path = "수영장.cpp"; sourceTree = "<group>"; };
		4E814BEC207BB5A000AAC17B /* 등산로 조성.cpp */ = {isa = PBXFileReference; lastKnownFileType = sourcecode.cpp.cpp; path = "등산로 조성.cpp"; sourceTree = "<group>"; };
		4E82AAC82005AD47002575B7 /* FESTIVAL.cpp */ = {isa = PBXFileReference; lastKnownFileType = sourcecode.cpp.cpp; path = FESTIVAL.cpp; sourceTree = "<group>"; };
		4E82AACA2005F470002575B7 /* 10872.cpp */ = {isa = PBXFileReference; lastKnownFileType = sourcecode.cpp.cpp; path = 10872.cpp; sourceTree = "<group>"; };
		4E82AACC2005F6C6002575B7 /* 2839.cpp */ = {isa = PBXFileReference; lastKnownFileType = sourcecode.cpp.cpp; path = 2839.cpp; sourceTree = "<group>"; };
		4E82AACE20060478002575B7 /* 10797.cpp */ = {isa = PBXFileReference; lastKnownFileType = sourcecode.cpp.cpp; path = 10797.cpp; sourceTree = "<group>"; };
		4E82AAD020060662002575B7 /* 5543.cpp */ = {isa = PBXFileReference; lastKnownFileType = sourcecode.cpp.cpp; path = 5543.cpp; sourceTree = "<group>"; };
		4E82AAD220060871002575B7 /* 10798.cpp */ = {isa = PBXFileReference; lastKnownFileType = sourcecode.cpp.cpp; path = 10798.cpp; sourceTree = "<group>"; };
		4E82AAD420060FF7002575B7 /* 10886.cpp */ = {isa = PBXFileReference; lastKnownFileType = sourcecode.cpp.cpp; path = 10886.cpp; sourceTree = "<group>"; };
		4E82AAD620061598002575B7 /* 1789.cpp */ = {isa = PBXFileReference; lastKnownFileType = sourcecode.cpp.cpp; path = 1789.cpp; sourceTree = "<group>"; };
		4E82AAD820061738002575B7 /* 12790.cpp */ = {isa = PBXFileReference; lastKnownFileType = sourcecode.cpp.cpp; path = 12790.cpp; sourceTree = "<group>"; };
		4E82AADA20061BFD002575B7 /* 5576.cpp */ = {isa = PBXFileReference; lastKnownFileType = sourcecode.cpp.cpp; path = 5576.cpp; sourceTree = "<group>"; };
		4E8548BB2032A2D300BCBC52 /* 1987.cpp */ = {isa = PBXFileReference; lastKnownFileType = sourcecode.cpp.cpp; name = 1987.cpp; path = ../incorrect/1987.cpp; sourceTree = "<group>"; };
		4E8548BF2032B1EE00BCBC52 /* 1759.cpp */ = {isa = PBXFileReference; lastKnownFileType = sourcecode.cpp.cpp; path = 1759.cpp; sourceTree = "<group>"; };
		4E8548C12032C36700BCBC52 /* 2580.cpp */ = {isa = PBXFileReference; lastKnownFileType = sourcecode.cpp.cpp; path = 2580.cpp; sourceTree = "<group>"; };
		4E8548C32032CAA900BCBC52 /* 7576.cpp */ = {isa = PBXFileReference; lastKnownFileType = sourcecode.cpp.cpp; path = 7576.cpp; sourceTree = "<group>"; };
		4E86EACB215A25660028F22E /* 2146.cpp */ = {isa = PBXFileReference; lastKnownFileType = sourcecode.cpp.cpp; path = 2146.cpp; sourceTree = "<group>"; };
		4E8C5DAD2176E75900C2860E /* 보물상자 비밀번호.cpp */ = {isa = PBXFileReference; lastKnownFileType = sourcecode.cpp.cpp; path = "보물상자 비밀번호.cpp"; sourceTree = "<group>"; };
		4E8C5DAF2176E76C00C2860E /* 벽돌 깨기.cpp */ = {isa = PBXFileReference; lastKnownFileType = sourcecode.cpp.cpp; path = "벽돌 깨기.cpp"; sourceTree = "<group>"; };
		4E933FF42015FFA50050D596 /* 11654.cpp */ = {isa = PBXFileReference; lastKnownFileType = sourcecode.cpp.cpp; name = 11654.cpp; path = ../incorrect/11654.cpp; sourceTree = "<group>"; };
		4E933FF6201602990050D596 /* 2902.cpp */ = {isa = PBXFileReference; lastKnownFileType = sourcecode.cpp.cpp; path = 2902.cpp; sourceTree = "<group>"; };
		4E933FF8201603C70050D596 /* 2743.cpp */ = {isa = PBXFileReference; lastKnownFileType = sourcecode.cpp.cpp; path = 2743.cpp; sourceTree = "<group>"; };
		4E933FFA201604400050D596 /* 10809.cpp */ = {isa = PBXFileReference; lastKnownFileType = sourcecode.cpp.cpp; path = 10809.cpp; sourceTree = "<group>"; };
		4E933FFC201606EA0050D596 /* 1152.cpp */ = {isa = PBXFileReference; lastKnownFileType = sourcecode.cpp.cpp; path = 1152.cpp; sourceTree = "<group>"; };
		4EA3158D1FFBCA7A0089D0B4 /* 5597.cpp */ = {isa = PBXFileReference; lastKnownFileType = sourcecode.cpp.cpp; path = 5597.cpp; sourceTree = "<group>"; };
		4EA3158F1FFBCBFC0089D0B4 /* 5554.cpp */ = {isa = PBXFileReference; lastKnownFileType = sourcecode.cpp.cpp; path = 5554.cpp; sourceTree = "<group>"; };
		4EA315911FFBCD890089D0B4 /* 5532.cpp */ = {isa = PBXFileReference; lastKnownFileType = sourcecode.cpp.cpp; path = 5532.cpp; sourceTree = "<group>"; };
		4EAE3D88216716970059B487 /* 경사로.cpp */ = {isa = PBXFileReference; lastKnownFileType = sourcecode.cpp.cpp; path = "경사로.cpp"; sourceTree = "<group>"; };
		4EB73BB02001F06E00E8953B /* 3009.cpp */ = {isa = PBXFileReference; lastKnownFileType = sourcecode.cpp.cpp; path = 3009.cpp; sourceTree = "<group>"; };
		4EB73BB22001FB5100E8953B /* 2890.cpp */ = {isa = PBXFileReference; lastKnownFileType = sourcecode.cpp.cpp; path = 2890.cpp; sourceTree = "<group>"; };
		4EB7CFC51FC47EB200D78C63 /* 10103.cpp */ = {isa = PBXFileReference; lastKnownFileType = sourcecode.cpp.cpp; path = 10103.cpp; sourceTree = "<group>"; };
		4EB7CFC71FC4805900D78C63 /* 10102.cpp */ = {isa = PBXFileReference; lastKnownFileType = sourcecode.cpp.cpp; path = 10102.cpp; sourceTree = "<group>"; };
		4EB7CFC91FC481FA00D78C63 /* 10992.cpp */ = {isa = PBXFileReference; lastKnownFileType = sourcecode.cpp.cpp; path = 10992.cpp; sourceTree = "<group>"; };
		4EB7CFCB1FC4865900D78C63 /* 2163.cpp */ = {isa = PBXFileReference; lastKnownFileType = sourcecode.cpp.cpp; path = 2163.cpp; sourceTree = "<group>"; };
		4EBB7B26207A0FD8008E802A /* 요리사.cpp */ = {isa = PBXFileReference; lastKnownFileType = sourcecode.cpp.cpp; path = "요리사.cpp"; sourceTree = "<group>"; };
		4EBB7B29207A4DA2008E802A /* 14500.cpp */ = {isa = PBXFileReference; lastKnownFileType = sourcecode.cpp.cpp; path = 14500.cpp; sourceTree = "<group>"; };
		4EBEEB88200BB50100F992FD /* 3053.cpp */ = {isa = PBXFileReference; lastKnownFileType = sourcecode.cpp.cpp; path = 3053.cpp; sourceTree = "<group>"; };
		4EBEEB8A200BBA4D00F992FD /* 5618.cpp */ = {isa = PBXFileReference; lastKnownFileType = sourcecode.cpp.cpp; path = 5618.cpp; sourceTree = "<group>"; };
		4EBF8F711FC9E509005CAC83 /* 1987.cpp */ = {isa = PBXFileReference; lastKnownFileType = sourcecode.cpp.cpp; path = 1987.cpp; sourceTree = "<group>"; };
		4EBF8F731FC9F02E005CAC83 /* 2750.cpp */ = {isa = PBXFileReference; lastKnownFileType = sourcecode.cpp.cpp; path = 2750.cpp; sourceTree = "<group>"; };
		4EBF8F771FC9F38A005CAC83 /* 2908.cpp */ = {isa = PBXFileReference; lastKnownFileType = sourcecode.cpp.cpp; path = 2908.cpp; sourceTree = "<group>"; };
		4EBFA652214D6A1100C57AEC /* 1330.cpp */ = {isa = PBXFileReference; lastKnownFileType = sourcecode.cpp.cpp; path = 1330.cpp; sourceTree = "<group>"; };
		4EBFA654214D6E8700C57AEC /* 15786.cpp */ = {isa = PBXFileReference; lastKnownFileType = sourcecode.cpp.cpp; path = 15786.cpp; sourceTree = "<group>"; };
		4EBFA656214D701700C57AEC /* 15784.cpp */ = {isa = PBXFileReference; lastKnownFileType = sourcecode.cpp.cpp; path = 15784.cpp; sourceTree = "<group>"; };
		4EBFA659214D718C00C57AEC /* 15781.cpp */ = {isa = PBXFileReference; lastKnownFileType = sourcecode.cpp.cpp; path = 15781.cpp; sourceTree = "<group>"; };
		4EC31E522178AAD600C50328 /* 무선 충전.cpp */ = {isa = PBXFileReference; lastKnownFileType = sourcecode.cpp.cpp; path = "무선 충전.cpp"; sourceTree = "<group>"; };
		4EC31E542178DB3B00C50328 /* 점심 식사시간.cpp */ = {isa = PBXFileReference; lastKnownFileType = sourcecode.cpp.cpp; path = "점심 식사시간.cpp"; sourceTree = "<group>"; };
		4EC5067D216C6AEE00B5A45F /* 테트로미노.cpp */ = {isa = PBXFileReference; lastKnownFileType = sourcecode.cpp.cpp; path = "테트로미노.cpp"; sourceTree = "<group>"; };
		4EC50680216C85CD00B5A45F /* N과 M (3).cpp */ = {isa = PBXFileReference; lastKnownFileType = sourcecode.cpp.cpp; path = "N과 M (3).cpp"; sourceTree = "<group>"; };
		4EC50682216C88ED00B5A45F /* N과 M (4).cpp */ = {isa = PBXFileReference; lastKnownFileType = sourcecode.cpp.cpp; path = "N과 M (4).cpp"; sourceTree = "<group>"; };
		4EC50684216C8D4F00B5A45F /* N과 M (5).cpp */ = {isa = PBXFileReference; lastKnownFileType = sourcecode.cpp.cpp; path = "N과 M (5).cpp"; sourceTree = "<group>"; };
		4EC50686216C90B900B5A45F /* N과 M (6).cpp */ = {isa = PBXFileReference; lastKnownFileType = sourcecode.cpp.cpp; path = "N과 M (6).cpp"; sourceTree = "<group>"; };
		4EC50688216C971500B5A45F /* N과 M (7).cpp */ = {isa = PBXFileReference; lastKnownFileType = sourcecode.cpp.cpp; path = "N과 M (7).cpp"; sourceTree = "<group>"; };
		4EC5068A216C991D00B5A45F /* N과 M (8).cpp */ = {isa = PBXFileReference; lastKnownFileType = sourcecode.cpp.cpp; path = "N과 M (8).cpp"; sourceTree = "<group>"; };
		4EC5068C216C9B1300B5A45F /* N과 M (9).cpp */ = {isa = PBXFileReference; lastKnownFileType = sourcecode.cpp.cpp; path = "N과 M (9).cpp"; sourceTree = "<group>"; };
		4EC5068E216CA1D600B5A45F /* 감시.cpp */ = {isa = PBXFileReference; lastKnownFileType = sourcecode.cpp.cpp; path = "감시.cpp"; sourceTree = "<group>"; };
		4EC813B920072AC4009E2E0E /* 4948.cpp */ = {isa = PBXFileReference; lastKnownFileType = sourcecode.cpp.cpp; path = 4948.cpp; sourceTree = "<group>"; };
		4EC813BB20073479009E2E0E /* 2960.cpp */ = {isa = PBXFileReference; lastKnownFileType = sourcecode.cpp.cpp; path = 2960.cpp; sourceTree = "<group>"; };
		4EC813BD20073A4F009E2E0E /* 6588.cpp */ = {isa = PBXFileReference; lastKnownFileType = sourcecode.cpp.cpp; path = 6588.cpp; sourceTree = "<group>"; };
		4EC813BF20073B86009E2E0E /* 1764.cpp */ = {isa = PBXFileReference; lastKnownFileType = sourcecode.cpp.cpp; path = 1764.cpp; sourceTree = "<group>"; };
		4ECC92B62019A6ED00B6ED84 /* 1254.cpp */ = {isa = PBXFileReference; lastKnownFileType = sourcecode.cpp.cpp; path = 1254.cpp; sourceTree = "<group>"; };
		4ECF1D9A216DD6EB00CB6077 /* 치킨배달.cpp */ = {isa = PBXFileReference; lastKnownFileType = sourcecode.cpp.cpp; path = "치킨배달.cpp"; sourceTree = "<group>"; };
		4ECF1D9E216E357F00CB6077 /* 드래곤 커브.cpp */ = {isa = PBXFileReference; lastKnownFileType = sourcecode.cpp.cpp; path = "드래곤 커브.cpp"; sourceTree = "<group>"; };
		4ECF1DA0216E6CF400CB6077 /* 사다리 조작.cpp */ = {isa = PBXFileReference; lastKnownFileType = sourcecode.cpp.cpp; path = "사다리 조작.cpp"; sourceTree = "<group>"; };
		4ED4C7CA1FBDD7C2008D7465 /* Algo */ = {isa = PBXFileReference; explicitFileType = "compiled.mach-o.executable"; includeInIndex = 0; path = Algo; sourceTree = BUILT_PRODUCTS_DIR; };
		4EDFB8BF21637CD200D7CE08 /* 퇴사.cpp */ = {isa = PBXFileReference; lastKnownFileType = sourcecode.cpp.cpp; path = "퇴사.cpp"; sourceTree = "<group>"; };
		4EDFB8C12163D66300D7CE08 /* 스타트와 링크.cpp */ = {isa = PBXFileReference; lastKnownFileType = sourcecode.cpp.cpp; path = "스타트와 링크.cpp"; sourceTree = "<group>"; };
		4EE676CF1FBDE18800E5E5E8 /* 1753.cpp */ = {isa = PBXFileReference; lastKnownFileType = sourcecode.cpp.cpp; path = 1753.cpp; sourceTree = "<group>"; };
		4EE676D11FBDE81100E5E5E8 /* 4485.cpp */ = {isa = PBXFileReference; lastKnownFileType = sourcecode.cpp.cpp; path = 4485.cpp; sourceTree = "<group>"; };
		4EED21991FBDDBE800944F8F /* 1003.cpp */ = {isa = PBXFileReference; fileEncoding = 4; lastKnownFileType = sourcecode.cpp.cpp; path = 1003.cpp; sourceTree = "<group>"; };
		4EED219A1FBDDBE800944F8F /* 1463.cpp */ = {isa = PBXFileReference; fileEncoding = 4; lastKnownFileType = sourcecode.cpp.cpp; path = 1463.cpp; sourceTree = "<group>"; };
		4EED219B1FBDDBE800944F8F /* 1717.cpp */ = {isa = PBXFileReference; fileEncoding = 4; lastKnownFileType = sourcecode.cpp.cpp; path = 1717.cpp; sourceTree = "<group>"; };
		4EED219C1FBDDBE800944F8F /* 1149.cpp */ = {isa = PBXFileReference; fileEncoding = 4; lastKnownFileType = sourcecode.cpp.cpp; path = 1149.cpp; sourceTree = "<group>"; };
		4EED219D1FBDDBE800944F8F /* 11404.cpp */ = {isa = PBXFileReference; fileEncoding = 4; lastKnownFileType = sourcecode.cpp.cpp; path = 11404.cpp; sourceTree = "<group>"; };
		4EED219E1FBDDBE800944F8F /* 11726.cpp */ = {isa = PBXFileReference; fileEncoding = 4; lastKnownFileType = sourcecode.cpp.cpp; path = 11726.cpp; sourceTree = "<group>"; };
		4EED4D4320822E3A007D1D26 /* 1182.cpp */ = {isa = PBXFileReference; lastKnownFileType = sourcecode.cpp.cpp; path = 1182.cpp; sourceTree = "<group>"; };
		4EED4D45208235C5007D1D26 /* 15649.cpp */ = {isa = PBXFileReference; lastKnownFileType = sourcecode.cpp.cpp; path = 15649.cpp; sourceTree = "<group>"; };
		4EED4D5120827623007D1D26 /* 15651.cpp */ = {isa = PBXFileReference; lastKnownFileType = sourcecode.cpp.cpp; path = 15651.cpp; sourceTree = "<group>"; };
		4EED4D5320827D5B007D1D26 /* 15650.cpp */ = {isa = PBXFileReference; lastKnownFileType = sourcecode.cpp.cpp; path = 15650.cpp; sourceTree = "<group>"; };
		4EF69D6521759ECB007C604D /* 내리막 길.cpp */ = {isa = PBXFileReference; lastKnownFileType = sourcecode.cpp.cpp; path = "내리막 길.cpp"; sourceTree = "<group>"; };
		4EF69D672175A4F7007C604D /* 다음 순열.cpp */ = {isa = PBXFileReference; lastKnownFileType = sourcecode.cpp.cpp; path = "다음 순열.cpp"; sourceTree = "<group>"; };
		4EF69D692175AA4A007C604D /* 이전 순열.cpp */ = {isa = PBXFileReference; lastKnownFileType = sourcecode.cpp.cpp; path = "이전 순열.cpp"; sourceTree = "<group>"; };
		4EF69D6B2175AB4E007C604D /* 모든 순열.cpp */ = {isa = PBXFileReference; lastKnownFileType = sourcecode.cpp.cpp; path = "모든 순열.cpp"; sourceTree = "<group>"; };
		4EF69D6D2175AC7E007C604D /* 순열의 순서.cpp */ = {isa = PBXFileReference; lastKnownFileType = sourcecode.cpp.cpp; path = "순열의 순서.cpp"; sourceTree = "<group>"; };
		4EF7A8722177A9CD00FD69EB /* 줄기세포배양.cpp */ = {isa = PBXFileReference; lastKnownFileType = sourcecode.cpp.cpp; path = "줄기세포배양.cpp"; sourceTree = "<group>"; };
		4EF7A8742178682B00FD69EB /* 핀볼 게임.cpp */ = {isa = PBXFileReference; lastKnownFileType = sourcecode.cpp.cpp; path = "핀볼 게임.cpp"; sourceTree = "<group>"; };
		4EFB85DA2068C3E1007F8B34 /* 2206.cpp */ = {isa = PBXFileReference; lastKnownFileType = sourcecode.cpp.cpp; path = 2206.cpp; sourceTree = "<group>"; };
		4EFBBBA52018475B004DD651 /* 1032.cpp */ = {isa = PBXFileReference; lastKnownFileType = sourcecode.cpp.cpp; path = 1032.cpp; sourceTree = "<group>"; };
		4EFD5C1F2025AC7200F57C34 /* 1463.cpp */ = {isa = PBXFileReference; lastKnownFileType = sourcecode.cpp.cpp; name = 1463.cpp; path = ../incorrect/1463.cpp; sourceTree = "<group>"; };
		4EFD5C212025AD3C00F57C34 /* 1912.cpp */ = {isa = PBXFileReference; lastKnownFileType = sourcecode.cpp.cpp; path = 1912.cpp; sourceTree = "<group>"; };
/* End PBXFileReference section */

/* Begin PBXFrameworksBuildPhase section */
		4ED4C7C71FBDD7C2008D7465 /* Frameworks */ = {
			isa = PBXFrameworksBuildPhase;
			buildActionMask = 2147483647;
			files = (
			);
			runOnlyForDeploymentPostprocessing = 0;
		};
/* End PBXFrameworksBuildPhase section */

/* Begin PBXGroup section */
		4E42FBFB21418CB000387084 /* 2018_2 */ = {
			isa = PBXGroup;
			children = (
				4E08DE0F214A9F9600EF0E25 /* 11399.cpp */,
				4E08DE11214AA17900EF0E25 /* 2003.cpp */,
				4E08DE13214AA82700EF0E25 /* 8979.cpp */,
				4EBFA652214D6A1100C57AEC /* 1330.cpp */,
				4EBFA654214D6E8700C57AEC /* 15786.cpp */,
				4EBFA656214D701700C57AEC /* 15784.cpp */,
				4EBFA659214D718C00C57AEC /* 15781.cpp */,
				4E5EF64921514A9000A06B64 /* 1652.cpp */,
				4E86EACB215A25660028F22E /* 2146.cpp */,
			);
			path = 2018_2;
			sourceTree = "<group>";
		};
		4E66250A2064FDBE0033CB45 /* samsung */ = {
			isa = PBXGroup;
			children = (
				4E39BE802062A0CE008FD7F6 /* 14501.cpp */,
				4E814BEA207BB58B00AAC17B /* 수영장.cpp */,
				4E51DD2D2056A78100D2699E /* 14888.cpp */,
				4E49436A2067F093006A4703 /* 숫자 만들기.cpp */,
				4E66250D206500B60033CB45 /* 14502.cpp */,
				4E4943652066AB41006A4703 /* 특이한 자석.cpp */,
				4E4943672067D625006A4703 /* 14891.cpp */,
				4EFB85DA2068C3E1007F8B34 /* 2206.cpp */,
				4E73297F206A83C2002C861E /* 14442.cpp */,
				4E51B77C206B119C0093B57A /* 14890.cpp */,
				4E51B781206E412B0093B57A /* 활주로 건설.cpp */,
				4E1D5E992073D92C00BEAF2E /* 14499.cpp */,
				4EBB7B26207A0FD8008E802A /* 요리사.cpp */,
				4E66250F206503C50033CB45 /* 14889.cpp */,
				4EBB7B29207A4DA2008E802A /* 14500.cpp */,
				4E8038BC207B95F800F1B48B /* 13458.cpp */,
				4E51B786206E5A200093B57A /* 14503.cpp */,
				4E814BE8207BB56900AAC17B /* 탈주범 검거.cpp */,
				4E71CD422080B5D60038D8EB /* 3190.cpp */,
				4E814BE0207BB51600AAC17B /* 미생물 격리.cpp */,
				4E814BEC207BB5A000AAC17B /* 등산로 조성.cpp */,
				4E8038BE207BA0EB00F1B48B /* 디저트 카페.cpp */,
				4E09E90820FF951B00E85B2E /* 마지막생존자.cpp */,
			);
			path = samsung;
			sourceTree = "<group>";
		};
		4ED4C7C11FBDD7C1008D7465 = {
			isa = PBXGroup;
			children = (
				4EF69D6F2175B222007C604D /* samsung_2_x */,
				4EDFB8BE21637CA600D7CE08 /* samsung_2 */,
				4E42FBFB21418CB000387084 /* 2018_2 */,
				4E66250A2064FDBE0033CB45 /* samsung */,
				4EED21AC1FBDE0D800944F8F /* incorrect */,
				4EED21AB1FBDE0BE00944F8F /* correct */,
				4ED4C7CC1FBDD7C2008D7465 /* Algo */,
				4ED4C7CB1FBDD7C2008D7465 /* Products */,
			);
			sourceTree = "<group>";
		};
		4ED4C7CB1FBDD7C2008D7465 /* Products */ = {
			isa = PBXGroup;
			children = (
				4ED4C7CA1FBDD7C2008D7465 /* Algo */,
			);
			name = Products;
			sourceTree = "<group>";
		};
		4ED4C7CC1FBDD7C2008D7465 /* Algo */ = {
			isa = PBXGroup;
			children = (
			);
			path = Algo;
			sourceTree = "<group>";
		};
		4EDFB8BE21637CA600D7CE08 /* samsung_2 */ = {
			isa = PBXGroup;
			children = (
				4E21B6F5217B4B1A008EF8FE /* 조합_연습.cpp */,
				4EDFB8BF21637CD200D7CE08 /* 퇴사.cpp */,
				4EDFB8C12163D66300D7CE08 /* 스타트와 링크.cpp */,
				4E74ED0E21646F3300E0BCA7 /* 연산자 끼워넣기.cpp */,
				4E74ED102164757800E0BCA7 /* 시험감독.cpp */,
				4E74ED162164923400E0BCA7 /* 로봇 청소기.cpp */,
				4E74ED182164B62F00E0BCA7 /* 톱니바퀴.cpp */,
				4E74ED1A2164E84F00E0BCA7 /* 연구소.cpp */,
				4E74ED1C2164EC6100E0BCA7 /* 주사위 굴리기.cpp */,
				4E74ED1F21652C6500E0BCA7 /* 뱀.cpp */,
				4EAE3D88216716970059B487 /* 경사로.cpp */,
				4EC5067D216C6AEE00B5A45F /* 테트로미노.cpp */,
				4E74ED21216532B100E0BCA7 /* N과 M (1).cpp */,
				4E74ED142164898800E0BCA7 /* N과 M (2).cpp */,
				4EC50680216C85CD00B5A45F /* N과 M (3).cpp */,
				4EC50682216C88ED00B5A45F /* N과 M (4).cpp */,
				4EC50684216C8D4F00B5A45F /* N과 M (5).cpp */,
				4EC50686216C90B900B5A45F /* N과 M (6).cpp */,
				4EC50688216C971500B5A45F /* N과 M (7).cpp */,
				4EC5068A216C991D00B5A45F /* N과 M (8).cpp */,
				4EC5068C216C9B1300B5A45F /* N과 M (9).cpp */,
				4E5A80862179C6AE00D5DB5E /* N과 M (10).cpp */,
				4E5A80882179C84700D5DB5E /* N과 M (11).cpp */,
				4E5A808A2179CF4800D5DB5E /* N과 M (12).cpp */,
				4EC5068E216CA1D600B5A45F /* 감시.cpp */,
				4ECF1D9A216DD6EB00CB6077 /* 치킨배달.cpp */,
				4ECF1D9E216E357F00CB6077 /* 드래곤 커브.cpp */,
				4ECF1DA0216E6CF400CB6077 /* 사다리 조작.cpp */,
				4E5AB199216FA53A00111862 /* 2048 (Easy).cpp */,
				4E00A3792170921D0044D8D9 /* 구슬 탈출 2.cpp */,
				4E242BEA21747CA200350276 /* 일곱 난쟁이.cpp */,
				4E242BEE2174D46100350276 /* 벽 부수고 이동하기.cpp */,
				4EF69D6521759ECB007C604D /* 내리막 길.cpp */,
				4EF69D672175A4F7007C604D /* 다음 순열.cpp */,
				4EF69D692175AA4A007C604D /* 이전 순열.cpp */,
				4EF69D6B2175AB4E007C604D /* 모든 순열.cpp */,
				4E8C5DAD2176E75900C2860E /* 보물상자 비밀번호.cpp */,
				4E8C5DAF2176E76C00C2860E /* 벽돌 깨기.cpp */,
				4EC31E542178DB3B00C50328 /* 점심 식사시간.cpp */,
			);
			path = samsung_2;
			sourceTree = "<group>";
		};
		4EED21AB1FBDE0BE00944F8F /* correct */ = {
			isa = PBXGroup;
			children = (
				4E5404AE20294B7800E86488 /* 2667.cpp */,
				4E29F4461FF36FA200C46D36 /* 2110.cpp */,
				4E29F4441FF3653F00C46D36 /* 2805.cpp */,
				4E29F4421FF355DB00C46D36 /* 1654.cpp */,
				4E51DD2A20567D2D00D2699E /* 2512.cpp */,
				4EED4D4320822E3A007D1D26 /* 1182.cpp */,
				4EED4D45208235C5007D1D26 /* 15649.cpp */,
				4EED4D5320827D5B007D1D26 /* 15650.cpp */,
				4EED4D5120827623007D1D26 /* 15651.cpp */,
				4E5404B4202A069B00E86488 /* 9663.cpp */,
				4E8548BB2032A2D300BCBC52 /* 1987.cpp */,
				4E8548BF2032B1EE00BCBC52 /* 1759.cpp */,
				4E3A3D37203A6E7F00FEBF8A /* 6603.cpp */,
				4E55565F1FC3A3350062E149 /* 7569.cpp */,
				4E8548C32032CAA900BCBC52 /* 7576.cpp */,
				4E5404B6202A06C400E86488 /* 1697.cpp */,
				4EFD5C212025AD3C00F57C34 /* 1912.cpp */,
				4ECC92B62019A6ED00B6ED84 /* 1254.cpp */,
				4EFD5C1F2025AC7200F57C34 /* 1463.cpp */,
				4E5404B22029E08E00E86488 /* 2178.cpp */,
				4E5404B02029D89300E86488 /* 2468.cpp */,
				4E5404AC2029433E00E86488 /* 1012.cpp */,
				4E5404AA2029397E00E86488 /* 1260.cpp */,
				4E6CCF282023AB16009879FF /* 1149.cpp */,
				4E6CCF262023A79B009879FF /* 1003.cpp */,
				4E6CCF2420239D55009879FF /* 1932.cpp */,
				4E6CCF2120239C1F009879FF /* 9095.cpp */,
				4EFBBBA52018475B004DD651 /* 1032.cpp */,
				4E933FFC201606EA0050D596 /* 1152.cpp */,
				4E13E2F42017001300032D79 /* 1157.cpp */,
				4E13E2F22016FDED00032D79 /* 2908.cpp */,
				4E13E2F02016FCE500032D79 /* 10808.cpp */,
				4E45BE4B207E2580000F1399 /* 10814.cpp */,
				4E13E2EE2016FA6400032D79 /* 1100.cpp */,
				4E933FFA201604400050D596 /* 10809.cpp */,
				4E933FF8201603C70050D596 /* 2743.cpp */,
				4E933FF6201602990050D596 /* 2902.cpp */,
				4E933FF42015FFA50050D596 /* 11654.cpp */,
				4E71442F200BC15800EB0AFA /* 1977.cpp */,
				4EBEEB8A200BBA4D00F992FD /* 5618.cpp */,
				4EBEEB88200BB50100F992FD /* 3053.cpp */,
				4E4D4929200889F000212602 /* 5063.cpp */,
				4E4D492720087EB000212602 /* 2822.cpp */,
				4E4D492520087BE200212602 /* 10707.cpp */,
				4E4D49232008450500212602 /* 2884.cpp */,
				4EC813BF20073B86009E2E0E /* 1764.cpp */,
				4EC813BB20073479009E2E0E /* 2960.cpp */,
				4EC813B920072AC4009E2E0E /* 4948.cpp */,
				4E82AADA20061BFD002575B7 /* 5576.cpp */,
				4E82AAD820061738002575B7 /* 12790.cpp */,
				4E82AAD420060FF7002575B7 /* 10886.cpp */,
				4E82AAD220060871002575B7 /* 10798.cpp */,
				4E82AAD020060662002575B7 /* 5543.cpp */,
				4E82AACE20060478002575B7 /* 10797.cpp */,
				4E82AACC2005F6C6002575B7 /* 2839.cpp */,
				4E82AACA2005F470002575B7 /* 10872.cpp */,
				4E82AAC82005AD47002575B7 /* FESTIVAL.cpp */,
				4EB73BB02001F06E00E8953B /* 3009.cpp */,
				4EA315911FFBCD890089D0B4 /* 5532.cpp */,
				4EA3158F1FFBCBFC0089D0B4 /* 5554.cpp */,
				4EA3158D1FFBCA7A0089D0B4 /* 5597.cpp */,
				4EBF8F711FC9E509005CAC83 /* 1987.cpp */,
				4E0735EA1FF5F7F1009282EF /* 7572.cpp */,
				4E0735EC1FF5FE36009282EF /* 2455.cpp */,
				4E0735E81FF5F567009282EF /* 5565.cpp */,
				4E0735E61FF5F2C9009282EF /* 3046.cpp */,
				4E0735E41FF5F0C8009282EF /* 1094.cpp */,
				4E0735E21FF5D78B009282EF /* 2748.cpp */,
				4E0735E01FF5D2E5009282EF /* 9095.cpp */,
				4E0735DE1FF5D1C4009282EF /* 11727.cpp */,
				4E29F4481FF37D2000C46D36 /* 10815.cpp */,
				4E56B6B01FF34964001789E3 /* 10992.cpp */,
				4E08BEDA1FF231B100F49E68 /* 10991.cpp */,
				4E08BED51FF22B3100F49E68 /* 2446.cpp */,
				4E08BED71FF22CF300F49E68 /* 2522.cpp */,
				4E08BED31FF227DF00F49E68 /* 2445.cpp */,
				4E08BED11FF221B300F49E68 /* 2588.cpp */,
				4E4C25A51FEF863B00208E16 /* 14924.cpp */,
				4EBF8F731FC9F02E005CAC83 /* 2750.cpp */,
				4EBF8F771FC9F38A005CAC83 /* 2908.cpp */,
				4E4AAB8D1FC9621400E709A7 /* 14615.cpp */,
				4E4AAB911FC9813000E709A7 /* 14938.cpp */,
				4E4AAB8B1FC95E7100E709A7 /* 1012.cpp */,
				4E149C6D1FC83F8000CF3838 /* 10026.cpp */,
				4E149C6B1FC83A3A00CF3838 /* 2644.cpp */,
				4E5CFCD01FC7F1910085CCD7 /* 1389.cpp */,
				4E5CFCCE1FC7E5580085CCD7 /* 2178.cpp */,
				4E5CFCCC1FC7E19B0085CCD7 /* 1260.cpp */,
				4E23EAB11FC6B28400591679 /* 9655.cpp */,
				4E6F27C61FC5DD56002A452D /* 2577.cpp */,
				4E6F27C41FC5DC97002A452D /* 11654.cpp */,
				4E6F27BE1FC5CCEA002A452D /* 5635.cpp */,
				4E6F27BC1FC5CC08002A452D /* 11943.cpp */,
				4EB7CFCB1FC4865900D78C63 /* 2163.cpp */,
				4EB7CFC91FC481FA00D78C63 /* 10992.cpp */,
				4EB7CFC71FC4805900D78C63 /* 10102.cpp */,
				4EB7CFC51FC47EB200D78C63 /* 10103.cpp */,
				4E5556611FC3B4D70062E149 /* 1504.cpp */,
				4E6D36F91FC328850045AB2E /* 10775.cpp */,
				4E6D36F71FC323BB0045AB2E /* 1238.cpp */,
				4EE676CF1FBDE18800E5E5E8 /* 1753.cpp */,
				4EED21991FBDDBE800944F8F /* 1003.cpp */,
				4EED219C1FBDDBE800944F8F /* 1149.cpp */,
				4EED219A1FBDDBE800944F8F /* 1463.cpp */,
				4EED219B1FBDDBE800944F8F /* 1717.cpp */,
				4EED219D1FBDDBE800944F8F /* 11404.cpp */,
				4EED219E1FBDDBE800944F8F /* 11726.cpp */,
			);
			path = correct;
			sourceTree = "<group>";
		};
		4EED21AC1FBDE0D800944F8F /* incorrect */ = {
			isa = PBXGroup;
			children = (
				4EE676D11FBDE81100E5E5E8 /* 4485.cpp */,
				4E6F27C01FC5D215002A452D /* 3062.cpp */,
				4E51DD2820567C1F00D2699E /* 2869.cpp */,
				4E6F27C21FC5DB46002A452D /* 2669.cpp */,
				4E23EAB31FC6B42900591679 /* 14920.cpp */,
				4E4C25A81FEF896C00208E16 /* 1322.cpp */,
				4EB73BB22001FB5100E8953B /* 2890.cpp */,
				4E82AAD620061598002575B7 /* 1789.cpp */,
				4EC813BD20073A4F009E2E0E /* 6588.cpp */,
				4E71442D200BBF2600EB0AFA /* 1065.cpp */,
				4E3D66C720356CAC00BF4609 /* 2986.cpp */,
				4E66728120284E5D00EDBCE8 /* 2579.cpp */,
				4E8548C12032C36700BCBC52 /* 2580.cpp */,
				4E70200E203A8FA700DBAD45 /* 1941.cpp */,
				4E702010203A9AC200DBAD45 /* 2661.cpp */,
				4E404093204D115C00DBF82E /* 1292.cpp */,
				4E403B4E20A3D1E90063EA82 /* 1937.cpp */,
				4E403B5020A411530063EA82 /* 2023.cpp */,
			);
			path = incorrect;
			sourceTree = "<group>";
		};
		4EF69D6F2175B222007C604D /* samsung_2_x */ = {
			isa = PBXGroup;
			children = (
				4E242BEC2174C83E00350276 /* 스도쿠.cpp */,
				4EF69D6D2175AC7E007C604D /* 순열의 순서.cpp */,
				4EF7A8722177A9CD00FD69EB /* 줄기세포배양.cpp */,
				4EF7A8742178682B00FD69EB /* 핀볼 게임.cpp */,
				4EC31E522178AAD600C50328 /* 무선 충전.cpp */,
				4E814BE2207BB52900AAC17B /* 홈 방범 서비스.cpp */,
				4E752464217CA80E00D2BEA6 /* 아기 상어.cpp */,
			);
			path = samsung_2_x;
			sourceTree = "<group>";
		};
/* End PBXGroup section */

/* Begin PBXNativeTarget section */
		4ED4C7C91FBDD7C2008D7465 /* Algo */ = {
			isa = PBXNativeTarget;
			buildConfigurationList = 4ED4C7D11FBDD7C2008D7465 /* Build configuration list for PBXNativeTarget "Algo" */;
			buildPhases = (
				4ED4C7C61FBDD7C2008D7465 /* Sources */,
				4ED4C7C71FBDD7C2008D7465 /* Frameworks */,
				4ED4C7C81FBDD7C2008D7465 /* CopyFiles */,
			);
			buildRules = (
			);
			dependencies = (
			);
			name = Algo;
			productName = Algo;
			productReference = 4ED4C7CA1FBDD7C2008D7465 /* Algo */;
			productType = "com.apple.product-type.tool";
		};
/* End PBXNativeTarget section */

/* Begin PBXProject section */
		4ED4C7C21FBDD7C1008D7465 /* Project object */ = {
			isa = PBXProject;
			attributes = {
				LastUpgradeCheck = 0900;
				ORGANIZATIONNAME = "park seong ho";
				TargetAttributes = {
					4ED4C7C91FBDD7C2008D7465 = {
						CreatedOnToolsVersion = 9.0.1;
						LastSwiftMigration = 0900;
						ProvisioningStyle = Automatic;
					};
				};
			};
			buildConfigurationList = 4ED4C7C51FBDD7C1008D7465 /* Build configuration list for PBXProject "Algo" */;
			compatibilityVersion = "Xcode 8.0";
			developmentRegion = en;
			hasScannedForEncodings = 0;
			knownRegions = (
				en,
			);
			mainGroup = 4ED4C7C11FBDD7C1008D7465;
			productRefGroup = 4ED4C7CB1FBDD7C2008D7465 /* Products */;
			projectDirPath = "";
			projectRoot = "";
			targets = (
				4ED4C7C91FBDD7C2008D7465 /* Algo */,
			);
		};
/* End PBXProject section */

/* Begin PBXSourcesBuildPhase section */
		4ED4C7C61FBDD7C2008D7465 /* Sources */ = {
			isa = PBXSourcesBuildPhase;
			buildActionMask = 2147483647;
			files = (
				4E752465217CA80E00D2BEA6 /* 아기 상어.cpp in Sources */,
			);
			runOnlyForDeploymentPostprocessing = 0;
		};
/* End PBXSourcesBuildPhase section */

/* Begin XCBuildConfiguration section */
		4ED4C7CF1FBDD7C2008D7465 /* Debug */ = {
			isa = XCBuildConfiguration;
			buildSettings = {
				ALWAYS_SEARCH_USER_PATHS = NO;
				CLANG_ANALYZER_NONNULL = YES;
				CLANG_ANALYZER_NUMBER_OBJECT_CONVERSION = YES_AGGRESSIVE;
				CLANG_CXX_LANGUAGE_STANDARD = "gnu++14";
				CLANG_CXX_LIBRARY = "libc++";
				CLANG_ENABLE_MODULES = YES;
				CLANG_ENABLE_OBJC_ARC = YES;
				CLANG_WARN_BLOCK_CAPTURE_AUTORELEASING = YES;
				CLANG_WARN_BOOL_CONVERSION = YES;
				CLANG_WARN_COMMA = YES;
				CLANG_WARN_CONSTANT_CONVERSION = YES;
				CLANG_WARN_DIRECT_OBJC_ISA_USAGE = YES_ERROR;
				CLANG_WARN_DOCUMENTATION_COMMENTS = YES;
				CLANG_WARN_EMPTY_BODY = YES;
				CLANG_WARN_ENUM_CONVERSION = YES;
				CLANG_WARN_INFINITE_RECURSION = YES;
				CLANG_WARN_INT_CONVERSION = YES;
				CLANG_WARN_NON_LITERAL_NULL_CONVERSION = YES;
				CLANG_WARN_OBJC_LITERAL_CONVERSION = YES;
				CLANG_WARN_OBJC_ROOT_CLASS = YES_ERROR;
				CLANG_WARN_RANGE_LOOP_ANALYSIS = YES;
				CLANG_WARN_STRICT_PROTOTYPES = YES;
				CLANG_WARN_SUSPICIOUS_MOVE = YES;
				CLANG_WARN_UNGUARDED_AVAILABILITY = YES_AGGRESSIVE;
				CLANG_WARN_UNREACHABLE_CODE = YES;
				CLANG_WARN__DUPLICATE_METHOD_MATCH = YES;
				CODE_SIGN_IDENTITY = "-";
				COPY_PHASE_STRIP = NO;
				DEBUG_INFORMATION_FORMAT = dwarf;
				ENABLE_STRICT_OBJC_MSGSEND = YES;
				ENABLE_TESTABILITY = YES;
				GCC_C_LANGUAGE_STANDARD = gnu11;
				GCC_DYNAMIC_NO_PIC = NO;
				GCC_NO_COMMON_BLOCKS = YES;
				GCC_OPTIMIZATION_LEVEL = 0;
				GCC_PREPROCESSOR_DEFINITIONS = (
					"DEBUG=1",
					"$(inherited)",
				);
				GCC_WARN_64_TO_32_BIT_CONVERSION = YES;
				GCC_WARN_ABOUT_RETURN_TYPE = YES_ERROR;
				GCC_WARN_UNDECLARED_SELECTOR = YES;
				GCC_WARN_UNINITIALIZED_AUTOS = YES_AGGRESSIVE;
				GCC_WARN_UNUSED_FUNCTION = YES;
				GCC_WARN_UNUSED_VARIABLE = YES;
				MACOSX_DEPLOYMENT_TARGET = 10.13;
				MTL_ENABLE_DEBUG_INFO = YES;
				ONLY_ACTIVE_ARCH = YES;
				SDKROOT = macosx;
			};
			name = Debug;
		};
		4ED4C7D01FBDD7C2008D7465 /* Release */ = {
			isa = XCBuildConfiguration;
			buildSettings = {
				ALWAYS_SEARCH_USER_PATHS = NO;
				CLANG_ANALYZER_NONNULL = YES;
				CLANG_ANALYZER_NUMBER_OBJECT_CONVERSION = YES_AGGRESSIVE;
				CLANG_CXX_LANGUAGE_STANDARD = "gnu++14";
				CLANG_CXX_LIBRARY = "libc++";
				CLANG_ENABLE_MODULES = YES;
				CLANG_ENABLE_OBJC_ARC = YES;
				CLANG_WARN_BLOCK_CAPTURE_AUTORELEASING = YES;
				CLANG_WARN_BOOL_CONVERSION = YES;
				CLANG_WARN_COMMA = YES;
				CLANG_WARN_CONSTANT_CONVERSION = YES;
				CLANG_WARN_DIRECT_OBJC_ISA_USAGE = YES_ERROR;
				CLANG_WARN_DOCUMENTATION_COMMENTS = YES;
				CLANG_WARN_EMPTY_BODY = YES;
				CLANG_WARN_ENUM_CONVERSION = YES;
				CLANG_WARN_INFINITE_RECURSION = YES;
				CLANG_WARN_INT_CONVERSION = YES;
				CLANG_WARN_NON_LITERAL_NULL_CONVERSION = YES;
				CLANG_WARN_OBJC_LITERAL_CONVERSION = YES;
				CLANG_WARN_OBJC_ROOT_CLASS = YES_ERROR;
				CLANG_WARN_RANGE_LOOP_ANALYSIS = YES;
				CLANG_WARN_STRICT_PROTOTYPES = YES;
				CLANG_WARN_SUSPICIOUS_MOVE = YES;
				CLANG_WARN_UNGUARDED_AVAILABILITY = YES_AGGRESSIVE;
				CLANG_WARN_UNREACHABLE_CODE = YES;
				CLANG_WARN__DUPLICATE_METHOD_MATCH = YES;
				CODE_SIGN_IDENTITY = "-";
				COPY_PHASE_STRIP = NO;
				DEBUG_INFORMATION_FORMAT = "dwarf-with-dsym";
				ENABLE_NS_ASSERTIONS = NO;
				ENABLE_STRICT_OBJC_MSGSEND = YES;
				GCC_C_LANGUAGE_STANDARD = gnu11;
				GCC_NO_COMMON_BLOCKS = YES;
				GCC_WARN_64_TO_32_BIT_CONVERSION = YES;
				GCC_WARN_ABOUT_RETURN_TYPE = YES_ERROR;
				GCC_WARN_UNDECLARED_SELECTOR = YES;
				GCC_WARN_UNINITIALIZED_AUTOS = YES_AGGRESSIVE;
				GCC_WARN_UNUSED_FUNCTION = YES;
				GCC_WARN_UNUSED_VARIABLE = YES;
				MACOSX_DEPLOYMENT_TARGET = 10.13;
				MTL_ENABLE_DEBUG_INFO = NO;
				SDKROOT = macosx;
			};
			name = Release;
		};
		4ED4C7D21FBDD7C2008D7465 /* Debug */ = {
			isa = XCBuildConfiguration;
			buildSettings = {
				CLANG_ENABLE_MODULES = YES;
				CODE_SIGN_STYLE = Automatic;
				LD_RUNPATH_SEARCH_PATHS = "$(inherited) @executable_path/../Frameworks @loader_path/../Frameworks";
				PRODUCT_NAME = "$(TARGET_NAME)";
				SWIFT_OPTIMIZATION_LEVEL = "-Onone";
				SWIFT_VERSION = 3.0;
			};
			name = Debug;
		};
		4ED4C7D31FBDD7C2008D7465 /* Release */ = {
			isa = XCBuildConfiguration;
			buildSettings = {
				CLANG_ENABLE_MODULES = YES;
				CODE_SIGN_STYLE = Automatic;
				LD_RUNPATH_SEARCH_PATHS = "$(inherited) @executable_path/../Frameworks @loader_path/../Frameworks";
				PRODUCT_NAME = "$(TARGET_NAME)";
				SWIFT_VERSION = 3.0;
			};
			name = Release;
		};
/* End XCBuildConfiguration section */

/* Begin XCConfigurationList section */
		4ED4C7C51FBDD7C1008D7465 /* Build configuration list for PBXProject "Algo" */ = {
			isa = XCConfigurationList;
			buildConfigurations = (
				4ED4C7CF1FBDD7C2008D7465 /* Debug */,
				4ED4C7D01FBDD7C2008D7465 /* Release */,
			);
			defaultConfigurationIsVisible = 0;
			defaultConfigurationName = Release;
		};
		4ED4C7D11FBDD7C2008D7465 /* Build configuration list for PBXNativeTarget "Algo" */ = {
			isa = XCConfigurationList;
			buildConfigurations = (
				4ED4C7D21FBDD7C2008D7465 /* Debug */,
				4ED4C7D31FBDD7C2008D7465 /* Release */,
			);
			defaultConfigurationIsVisible = 0;
			defaultConfigurationName = Release;
		};
/* End XCConfigurationList section */
	};
	rootObject = 4ED4C7C21FBDD7C1008D7465 /* Project object */;
}
