// !$*UTF8*$!
{
	archiveVersion = 1;
	classes = {
	};
	objectVersion = 48;
	objects = {

/* Begin PBXCopyFilesBuildPhase section */
		4ED4C7C81FBDD7C2008D7465 /* CopyFiles */ = {
			isa = PBXCopyFilesBuildPhase;
			buildActionMask = 2147483647;
			dstPath = /usr/share/man/man1/;
			dstSubfolderSpec = 0;
			files = (
			);
			runOnlyForDeploymentPostprocessing = 1;
		};
/* End PBXCopyFilesBuildPhase section */

/* Begin PBXFileReference section */
		4E0735DE1FF5D1C4009282EF /* 11727.cpp */ = {isa = PBXFileReference; lastKnownFileType = sourcecode.cpp.cpp; path = 11727.cpp; sourceTree = "<group>"; };
		4E0735E01FF5D2E5009282EF /* 9095.cpp */ = {isa = PBXFileReference; lastKnownFileType = sourcecode.cpp.cpp; path = 9095.cpp; sourceTree = "<group>"; };
		4E0735E21FF5D78B009282EF /* 2748.cpp */ = {isa = PBXFileReference; lastKnownFileType = sourcecode.cpp.cpp; path = 2748.cpp; sourceTree = "<group>"; };
		4E0735E41FF5F0C8009282EF /* 1094.cpp */ = {isa = PBXFileReference; lastKnownFileType = sourcecode.cpp.cpp; path = 1094.cpp; sourceTree = "<group>"; };
		4E0735E61FF5F2C9009282EF /* 3046.cpp */ = {isa = PBXFileReference; lastKnownFileType = sourcecode.cpp.cpp; path = 3046.cpp; sourceTree = "<group>"; };
		4E0735E81FF5F567009282EF /* 5565.cpp */ = {isa = PBXFileReference; lastKnownFileType = sourcecode.cpp.cpp; path = 5565.cpp; sourceTree = "<group>"; };
		4E0735EA1FF5F7F1009282EF /* 7572.cpp */ = {isa = PBXFileReference; lastKnownFileType = sourcecode.cpp.cpp; path = 7572.cpp; sourceTree = "<group>"; };
		4E0735EC1FF5FE36009282EF /* 2455.cpp */ = {isa = PBXFileReference; lastKnownFileType = sourcecode.cpp.cpp; path = 2455.cpp; sourceTree = "<group>"; };
		4E08BED11FF221B300F49E68 /* 2588.cpp */ = {isa = PBXFileReference; lastKnownFileType = sourcecode.cpp.cpp; path = 2588.cpp; sourceTree = "<group>"; };
		4E08BED31FF227DF00F49E68 /* 2445.cpp */ = {isa = PBXFileReference; lastKnownFileType = sourcecode.cpp.cpp; path = 2445.cpp; sourceTree = "<group>"; };
		4E08BED51FF22B3100F49E68 /* 2446.cpp */ = {isa = PBXFileReference; lastKnownFileType = sourcecode.cpp.cpp; path = 2446.cpp; sourceTree = "<group>"; };
		4E08BED71FF22CF300F49E68 /* 2522.cpp */ = {isa = PBXFileReference; lastKnownFileType = sourcecode.cpp.cpp; path = 2522.cpp; sourceTree = "<group>"; };
		4E08BEDA1FF231B100F49E68 /* 10991.cpp */ = {isa = PBXFileReference; lastKnownFileType = sourcecode.cpp.cpp; path = 10991.cpp; sourceTree = "<group>"; };
		4E13E2EE2016FA6400032D79 /* 1100.cpp */ = {isa = PBXFileReference; lastKnownFileType = sourcecode.cpp.cpp; path = 1100.cpp; sourceTree = "<group>"; };
		4E13E2F02016FCE500032D79 /* 10808.cpp */ = {isa = PBXFileReference; lastKnownFileType = sourcecode.cpp.cpp; path = 10808.cpp; sourceTree = "<group>"; };
		4E13E2F22016FDED00032D79 /* 2908.cpp */ = {isa = PBXFileReference; lastKnownFileType = sourcecode.cpp.cpp; name = 2908.cpp; path = ../incorrect/2908.cpp; sourceTree = "<group>"; };
		4E13E2F42017001300032D79 /* 1157.cpp */ = {isa = PBXFileReference; lastKnownFileType = sourcecode.cpp.cpp; path = 1157.cpp; sourceTree = "<group>"; };
		4E149C6B1FC83A3A00CF3838 /* 2644.cpp */ = {isa = PBXFileReference; lastKnownFileType = sourcecode.cpp.cpp; path = 2644.cpp; sourceTree = "<group>"; };
		4E149C6D1FC83F8000CF3838 /* 10026.cpp */ = {isa = PBXFileReference; lastKnownFileType = sourcecode.cpp.cpp; path = 10026.cpp; sourceTree = "<group>"; };
		4E23EAB11FC6B28400591679 /* 9655.cpp */ = {isa = PBXFileReference; lastKnownFileType = sourcecode.cpp.cpp; path = 9655.cpp; sourceTree = "<group>"; };
		4E23EAB31FC6B42900591679 /* 14920.cpp */ = {isa = PBXFileReference; lastKnownFileType = sourcecode.cpp.cpp; path = 14920.cpp; sourceTree = "<group>"; };
		4E29F4421FF355DB00C46D36 /* 1654.cpp */ = {isa = PBXFileReference; lastKnownFileType = sourcecode.cpp.cpp; path = 1654.cpp; sourceTree = "<group>"; };
		4E29F4441FF3653F00C46D36 /* 2805.cpp */ = {isa = PBXFileReference; lastKnownFileType = sourcecode.cpp.cpp; path = 2805.cpp; sourceTree = "<group>"; };
		4E29F4461FF36FA200C46D36 /* 2110.cpp */ = {isa = PBXFileReference; lastKnownFileType = sourcecode.cpp.cpp; path = 2110.cpp; sourceTree = "<group>"; };
		4E29F4481FF37D2000C46D36 /* 10815.cpp */ = {isa = PBXFileReference; lastKnownFileType = sourcecode.cpp.cpp; path = 10815.cpp; sourceTree = "<group>"; };
		4E4AAB8B1FC95E7100E709A7 /* 1012.cpp */ = {isa = PBXFileReference; lastKnownFileType = sourcecode.cpp.cpp; path = 1012.cpp; sourceTree = "<group>"; };
		4E4AAB8D1FC9621400E709A7 /* 14615.cpp */ = {isa = PBXFileReference; lastKnownFileType = sourcecode.cpp.cpp; path = 14615.cpp; sourceTree = "<group>"; };
		4E4AAB911FC9813000E709A7 /* 14938.cpp */ = {isa = PBXFileReference; lastKnownFileType = sourcecode.cpp.cpp; path = 14938.cpp; sourceTree = "<group>"; };
		4E4C25A51FEF863B00208E16 /* 14924.cpp */ = {isa = PBXFileReference; lastKnownFileType = sourcecode.cpp.cpp; path = 14924.cpp; sourceTree = "<group>"; };
		4E4C25A81FEF896C00208E16 /* 1322.cpp */ = {isa = PBXFileReference; lastKnownFileType = sourcecode.cpp.cpp; path = 1322.cpp; sourceTree = "<group>"; };
		4E4D49232008450500212602 /* 2884.cpp */ = {isa = PBXFileReference; lastKnownFileType = sourcecode.cpp.cpp; path = 2884.cpp; sourceTree = "<group>"; };
		4E4D492520087BE200212602 /* 10707.cpp */ = {isa = PBXFileReference; lastKnownFileType = sourcecode.cpp.cpp; path = 10707.cpp; sourceTree = "<group>"; };
		4E4D492720087EB000212602 /* 2822.cpp */ = {isa = PBXFileReference; lastKnownFileType = sourcecode.cpp.cpp; path = 2822.cpp; sourceTree = "<group>"; };
		4E4D4929200889F000212602 /* 5063.cpp */ = {isa = PBXFileReference; lastKnownFileType = sourcecode.cpp.cpp; path = 5063.cpp; sourceTree = "<group>"; };
		4E55565F1FC3A3350062E149 /* 7569.cpp */ = {isa = PBXFileReference; lastKnownFileType = sourcecode.cpp.cpp; path = 7569.cpp; sourceTree = "<group>"; };
		4E5556611FC3B4D70062E149 /* 1504.cpp */ = {isa = PBXFileReference; lastKnownFileType = sourcecode.cpp.cpp; path = 1504.cpp; sourceTree = "<group>"; };
		4E56B6B01FF34964001789E3 /* 10992.cpp */ = {isa = PBXFileReference; lastKnownFileType = sourcecode.cpp.cpp; name = 10992.cpp; path = ../incorrect/10992.cpp; sourceTree = "<group>"; };
		4E5CFCCC1FC7E19B0085CCD7 /* 1260.cpp */ = {isa = PBXFileReference; lastKnownFileType = sourcecode.cpp.cpp; path = 1260.cpp; sourceTree = "<group>"; };
		4E5CFCCE1FC7E5580085CCD7 /* 2178.cpp */ = {isa = PBXFileReference; lastKnownFileType = sourcecode.cpp.cpp; path = 2178.cpp; sourceTree = "<group>"; };
		4E5CFCD01FC7F1910085CCD7 /* 1389.cpp */ = {isa = PBXFileReference; lastKnownFileType = sourcecode.cpp.cpp; path = 1389.cpp; sourceTree = "<group>"; };
		4E6D36F71FC323BB0045AB2E /* 1238.cpp */ = {isa = PBXFileReference; lastKnownFileType = sourcecode.cpp.cpp; path = 1238.cpp; sourceTree = "<group>"; };
		4E6D36F91FC328850045AB2E /* 10775.cpp */ = {isa = PBXFileReference; lastKnownFileType = sourcecode.cpp.cpp; path = 10775.cpp; sourceTree = "<group>"; };
		4E6F27BC1FC5CC08002A452D /* 11943.cpp */ = {isa = PBXFileReference; lastKnownFileType = sourcecode.cpp.cpp; path = 11943.cpp; sourceTree = "<group>"; };
		4E6F27BE1FC5CCEA002A452D /* 5635.cpp */ = {isa = PBXFileReference; lastKnownFileType = sourcecode.cpp.cpp; path = 5635.cpp; sourceTree = "<group>"; };
		4E6F27C01FC5D215002A452D /* 3062.cpp */ = {isa = PBXFileReference; lastKnownFileType = sourcecode.cpp.cpp; path = 3062.cpp; sourceTree = "<group>"; };
		4E6F27C21FC5DB46002A452D /* 2669.cpp */ = {isa = PBXFileReference; lastKnownFileType = sourcecode.cpp.cpp; path = 2669.cpp; sourceTree = "<group>"; };
		4E6F27C41FC5DC97002A452D /* 11654.cpp */ = {isa = PBXFileReference; lastKnownFileType = sourcecode.cpp.cpp; path = 11654.cpp; sourceTree = "<group>"; };
		4E6F27C61FC5DD56002A452D /* 2577.cpp */ = {isa = PBXFileReference; lastKnownFileType = sourcecode.cpp.cpp; path = 2577.cpp; sourceTree = "<group>"; };
		4E71442D200BBF2600EB0AFA /* 1065.cpp */ = {isa = PBXFileReference; lastKnownFileType = sourcecode.cpp.cpp; path = 1065.cpp; sourceTree = "<group>"; };
		4E71442F200BC15800EB0AFA /* 1977.cpp */ = {isa = PBXFileReference; lastKnownFileType = sourcecode.cpp.cpp; path = 1977.cpp; sourceTree = "<group>"; };
		4E82AAC82005AD47002575B7 /* FESTIVAL.cpp */ = {isa = PBXFileReference; lastKnownFileType = sourcecode.cpp.cpp; path = FESTIVAL.cpp; sourceTree = "<group>"; };
		4E82AACA2005F470002575B7 /* 10872.cpp */ = {isa = PBXFileReference; lastKnownFileType = sourcecode.cpp.cpp; path = 10872.cpp; sourceTree = "<group>"; };
		4E82AACC2005F6C6002575B7 /* 2839.cpp */ = {isa = PBXFileReference; lastKnownFileType = sourcecode.cpp.cpp; path = 2839.cpp; sourceTree = "<group>"; };
		4E82AACE20060478002575B7 /* 10797.cpp */ = {isa = PBXFileReference; lastKnownFileType = sourcecode.cpp.cpp; path = 10797.cpp; sourceTree = "<group>"; };
		4E82AAD020060662002575B7 /* 5543.cpp */ = {isa = PBXFileReference; lastKnownFileType = sourcecode.cpp.cpp; path = 5543.cpp; sourceTree = "<group>"; };
		4E82AAD220060871002575B7 /* 10798.cpp */ = {isa = PBXFileReference; lastKnownFileType = sourcecode.cpp.cpp; path = 10798.cpp; sourceTree = "<group>"; };
		4E82AAD420060FF7002575B7 /* 10886.cpp */ = {isa = PBXFileReference; lastKnownFileType = sourcecode.cpp.cpp; path = 10886.cpp; sourceTree = "<group>"; };
		4E82AAD620061598002575B7 /* 1789.cpp */ = {isa = PBXFileReference; lastKnownFileType = sourcecode.cpp.cpp; path = 1789.cpp; sourceTree = "<group>"; };
		4E82AAD820061738002575B7 /* 12790.cpp */ = {isa = PBXFileReference; lastKnownFileType = sourcecode.cpp.cpp; path = 12790.cpp; sourceTree = "<group>"; };
		4E82AADA20061BFD002575B7 /* 5576.cpp */ = {isa = PBXFileReference; lastKnownFileType = sourcecode.cpp.cpp; path = 5576.cpp; sourceTree = "<group>"; };
		4E933FF42015FFA50050D596 /* 11654.cpp */ = {isa = PBXFileReference; lastKnownFileType = sourcecode.cpp.cpp; name = 11654.cpp; path = ../incorrect/11654.cpp; sourceTree = "<group>"; };
		4E933FF6201602990050D596 /* 2902.cpp */ = {isa = PBXFileReference; lastKnownFileType = sourcecode.cpp.cpp; path = 2902.cpp; sourceTree = "<group>"; };
		4E933FF8201603C70050D596 /* 2743.cpp */ = {isa = PBXFileReference; lastKnownFileType = sourcecode.cpp.cpp; path = 2743.cpp; sourceTree = "<group>"; };
		4E933FFA201604400050D596 /* 10809.cpp */ = {isa = PBXFileReference; lastKnownFileType = sourcecode.cpp.cpp; path = 10809.cpp; sourceTree = "<group>"; };
		4E933FFC201606EA0050D596 /* 1152.cpp */ = {isa = PBXFileReference; lastKnownFileType = sourcecode.cpp.cpp; path = 1152.cpp; sourceTree = "<group>"; };
		4EA3158D1FFBCA7A0089D0B4 /* 5597.cpp */ = {isa = PBXFileReference; lastKnownFileType = sourcecode.cpp.cpp; path = 5597.cpp; sourceTree = "<group>"; };
		4EA3158F1FFBCBFC0089D0B4 /* 5554.cpp */ = {isa = PBXFileReference; lastKnownFileType = sourcecode.cpp.cpp; path = 5554.cpp; sourceTree = "<group>"; };
		4EA315911FFBCD890089D0B4 /* 5532.cpp */ = {isa = PBXFileReference; lastKnownFileType = sourcecode.cpp.cpp; path = 5532.cpp; sourceTree = "<group>"; };
		4EB73BB02001F06E00E8953B /* 3009.cpp */ = {isa = PBXFileReference; lastKnownFileType = sourcecode.cpp.cpp; path = 3009.cpp; sourceTree = "<group>"; };
		4EB73BB22001FB5100E8953B /* 2890.cpp */ = {isa = PBXFileReference; lastKnownFileType = sourcecode.cpp.cpp; path = 2890.cpp; sourceTree = "<group>"; };
		4EB7CFC51FC47EB200D78C63 /* 10103.cpp */ = {isa = PBXFileReference; lastKnownFileType = sourcecode.cpp.cpp; path = 10103.cpp; sourceTree = "<group>"; };
		4EB7CFC71FC4805900D78C63 /* 10102.cpp */ = {isa = PBXFileReference; lastKnownFileType = sourcecode.cpp.cpp; path = 10102.cpp; sourceTree = "<group>"; };
		4EB7CFC91FC481FA00D78C63 /* 10992.cpp */ = {isa = PBXFileReference; lastKnownFileType = sourcecode.cpp.cpp; path = 10992.cpp; sourceTree = "<group>"; };
		4EB7CFCB1FC4865900D78C63 /* 2163.cpp */ = {isa = PBXFileReference; lastKnownFileType = sourcecode.cpp.cpp; path = 2163.cpp; sourceTree = "<group>"; };
		4EBEEB88200BB50100F992FD /* 3053.cpp */ = {isa = PBXFileReference; lastKnownFileType = sourcecode.cpp.cpp; path = 3053.cpp; sourceTree = "<group>"; };
		4EBEEB8A200BBA4D00F992FD /* 5618.cpp */ = {isa = PBXFileReference; lastKnownFileType = sourcecode.cpp.cpp; path = 5618.cpp; sourceTree = "<group>"; };
		4EBF8F711FC9E509005CAC83 /* 1987.cpp */ = {isa = PBXFileReference; lastKnownFileType = sourcecode.cpp.cpp; path = 1987.cpp; sourceTree = "<group>"; };
		4EBF8F731FC9F02E005CAC83 /* 2750.cpp */ = {isa = PBXFileReference; lastKnownFileType = sourcecode.cpp.cpp; path = 2750.cpp; sourceTree = "<group>"; };
		4EBF8F771FC9F38A005CAC83 /* 2908.cpp */ = {isa = PBXFileReference; lastKnownFileType = sourcecode.cpp.cpp; path = 2908.cpp; sourceTree = "<group>"; };
		4EC813B720071E8F009E2E0E /* BOGGLE.cpp */ = {isa = PBXFileReference; lastKnownFileType = sourcecode.cpp.cpp; path = BOGGLE.cpp; sourceTree = "<group>"; };
		4EC813B920072AC4009E2E0E /* 4948.cpp */ = {isa = PBXFileReference; lastKnownFileType = sourcecode.cpp.cpp; path = 4948.cpp; sourceTree = "<group>"; };
		4EC813BB20073479009E2E0E /* 2960.cpp */ = {isa = PBXFileReference; lastKnownFileType = sourcecode.cpp.cpp; path = 2960.cpp; sourceTree = "<group>"; };
		4EC813BD20073A4F009E2E0E /* 6588.cpp */ = {isa = PBXFileReference; lastKnownFileType = sourcecode.cpp.cpp; path = 6588.cpp; sourceTree = "<group>"; };
		4EC813BF20073B86009E2E0E /* 1764.cpp */ = {isa = PBXFileReference; lastKnownFileType = sourcecode.cpp.cpp; path = 1764.cpp; sourceTree = "<group>"; };
		4ED4C7CA1FBDD7C2008D7465 /* Algo */ = {isa = PBXFileReference; explicitFileType = "compiled.mach-o.executable"; includeInIndex = 0; path = Algo; sourceTree = BUILT_PRODUCTS_DIR; };
		4EE676CF1FBDE18800E5E5E8 /* 1753.cpp */ = {isa = PBXFileReference; lastKnownFileType = sourcecode.cpp.cpp; path = 1753.cpp; sourceTree = "<group>"; };
		4EE676D11FBDE81100E5E5E8 /* 4485.cpp */ = {isa = PBXFileReference; lastKnownFileType = sourcecode.cpp.cpp; path = 4485.cpp; sourceTree = "<group>"; };
		4EED21991FBDDBE800944F8F /* 1003.cpp */ = {isa = PBXFileReference; fileEncoding = 4; lastKnownFileType = sourcecode.cpp.cpp; path = 1003.cpp; sourceTree = "<group>"; };
		4EED219A1FBDDBE800944F8F /* 1463.cpp */ = {isa = PBXFileReference; fileEncoding = 4; lastKnownFileType = sourcecode.cpp.cpp; path = 1463.cpp; sourceTree = "<group>"; };
		4EED219B1FBDDBE800944F8F /* 1717.cpp */ = {isa = PBXFileReference; fileEncoding = 4; lastKnownFileType = sourcecode.cpp.cpp; path = 1717.cpp; sourceTree = "<group>"; };
		4EED219C1FBDDBE800944F8F /* 1149.cpp */ = {isa = PBXFileReference; fileEncoding = 4; lastKnownFileType = sourcecode.cpp.cpp; path = 1149.cpp; sourceTree = "<group>"; };
		4EED219D1FBDDBE800944F8F /* 11404.cpp */ = {isa = PBXFileReference; fileEncoding = 4; lastKnownFileType = sourcecode.cpp.cpp; path = 11404.cpp; sourceTree = "<group>"; };
		4EED219E1FBDDBE800944F8F /* 11726.cpp */ = {isa = PBXFileReference; fileEncoding = 4; lastKnownFileType = sourcecode.cpp.cpp; path = 11726.cpp; sourceTree = "<group>"; };
		4EFBBBA52018475B004DD651 /* 1032.cpp */ = {isa = PBXFileReference; lastKnownFileType = sourcecode.cpp.cpp; path = 1032.cpp; sourceTree = "<group>"; };
/* End PBXFileReference section */

/* Begin PBXFrameworksBuildPhase section */
		4ED4C7C71FBDD7C2008D7465 /* Frameworks */ = {
			isa = PBXFrameworksBuildPhase;
			buildActionMask = 2147483647;
			files = (
			);
			runOnlyForDeploymentPostprocessing = 0;
		};
/* End PBXFrameworksBuildPhase section */

/* Begin PBXGroup section */
		4ED4C7C11FBDD7C1008D7465 = {
			isa = PBXGroup;
			children = (
				4EED21AC1FBDE0D800944F8F /* incorrect */,
				4EED21AB1FBDE0BE00944F8F /* correct */,
				4ED4C7CC1FBDD7C2008D7465 /* Algo */,
				4ED4C7CB1FBDD7C2008D7465 /* Products */,
			);
			sourceTree = "<group>";
		};
		4ED4C7CB1FBDD7C2008D7465 /* Products */ = {
			isa = PBXGroup;
			children = (
				4ED4C7CA1FBDD7C2008D7465 /* Algo */,
			);
			name = Products;
			sourceTree = "<group>";
		};
		4ED4C7CC1FBDD7C2008D7465 /* Algo */ = {
			isa = PBXGroup;
			children = (
			);
			path = Algo;
			sourceTree = "<group>";
		};
		4EED21AB1FBDE0BE00944F8F /* correct */ = {
			isa = PBXGroup;
			children = (
				4EFBBBA52018475B004DD651 /* 1032.cpp */,
				4E933FFC201606EA0050D596 /* 1152.cpp */,
				4E13E2F42017001300032D79 /* 1157.cpp */,
				4E13E2F22016FDED00032D79 /* 2908.cpp */,
				4E13E2F02016FCE500032D79 /* 10808.cpp */,
				4E13E2EE2016FA6400032D79 /* 1100.cpp */,
				4E933FFA201604400050D596 /* 10809.cpp */,
				4E933FF8201603C70050D596 /* 2743.cpp */,
				4E933FF6201602990050D596 /* 2902.cpp */,
				4E933FF42015FFA50050D596 /* 11654.cpp */,
				4E71442F200BC15800EB0AFA /* 1977.cpp */,
				4EBEEB8A200BBA4D00F992FD /* 5618.cpp */,
				4EBEEB88200BB50100F992FD /* 3053.cpp */,
				4E4D4929200889F000212602 /* 5063.cpp */,
				4E4D492720087EB000212602 /* 2822.cpp */,
				4E4D492520087BE200212602 /* 10707.cpp */,
				4E4D49232008450500212602 /* 2884.cpp */,
				4EC813BF20073B86009E2E0E /* 1764.cpp */,
				4EC813BB20073479009E2E0E /* 2960.cpp */,
				4EC813B920072AC4009E2E0E /* 4948.cpp */,
				4E82AADA20061BFD002575B7 /* 5576.cpp */,
				4E82AAD820061738002575B7 /* 12790.cpp */,
				4E82AAD420060FF7002575B7 /* 10886.cpp */,
				4E82AAD220060871002575B7 /* 10798.cpp */,
				4E82AAD020060662002575B7 /* 5543.cpp */,
				4E82AACE20060478002575B7 /* 10797.cpp */,
				4E82AACC2005F6C6002575B7 /* 2839.cpp */,
				4E82AACA2005F470002575B7 /* 10872.cpp */,
				4E82AAC82005AD47002575B7 /* FESTIVAL.cpp */,
				4EB73BB02001F06E00E8953B /* 3009.cpp */,
				4EA315911FFBCD890089D0B4 /* 5532.cpp */,
				4EA3158F1FFBCBFC0089D0B4 /* 5554.cpp */,
				4EA3158D1FFBCA7A0089D0B4 /* 5597.cpp */,
				4EBF8F711FC9E509005CAC83 /* 1987.cpp */,
				4E0735EA1FF5F7F1009282EF /* 7572.cpp */,
				4E0735EC1FF5FE36009282EF /* 2455.cpp */,
				4E0735E81FF5F567009282EF /* 5565.cpp */,
				4E0735E61FF5F2C9009282EF /* 3046.cpp */,
				4E0735E41FF5F0C8009282EF /* 1094.cpp */,
				4E0735E21FF5D78B009282EF /* 2748.cpp */,
				4E0735E01FF5D2E5009282EF /* 9095.cpp */,
				4E0735DE1FF5D1C4009282EF /* 11727.cpp */,
				4E29F4481FF37D2000C46D36 /* 10815.cpp */,
				4E29F4441FF3653F00C46D36 /* 2805.cpp */,
				4E29F4421FF355DB00C46D36 /* 1654.cpp */,
				4E56B6B01FF34964001789E3 /* 10992.cpp */,
				4E08BEDA1FF231B100F49E68 /* 10991.cpp */,
				4E08BED51FF22B3100F49E68 /* 2446.cpp */,
				4E08BED71FF22CF300F49E68 /* 2522.cpp */,
				4E08BED31FF227DF00F49E68 /* 2445.cpp */,
				4E08BED11FF221B300F49E68 /* 2588.cpp */,
				4E4C25A51FEF863B00208E16 /* 14924.cpp */,
				4EBF8F731FC9F02E005CAC83 /* 2750.cpp */,
				4EBF8F771FC9F38A005CAC83 /* 2908.cpp */,
				4E4AAB8D1FC9621400E709A7 /* 14615.cpp */,
				4E4AAB911FC9813000E709A7 /* 14938.cpp */,
				4E4AAB8B1FC95E7100E709A7 /* 1012.cpp */,
				4E149C6D1FC83F8000CF3838 /* 10026.cpp */,
				4E149C6B1FC83A3A00CF3838 /* 2644.cpp */,
				4E5CFCD01FC7F1910085CCD7 /* 1389.cpp */,
				4E5CFCCE1FC7E5580085CCD7 /* 2178.cpp */,
				4E5CFCCC1FC7E19B0085CCD7 /* 1260.cpp */,
				4E23EAB11FC6B28400591679 /* 9655.cpp */,
				4E6F27C61FC5DD56002A452D /* 2577.cpp */,
				4E6F27C41FC5DC97002A452D /* 11654.cpp */,
				4E6F27BE1FC5CCEA002A452D /* 5635.cpp */,
				4E6F27BC1FC5CC08002A452D /* 11943.cpp */,
				4EB7CFCB1FC4865900D78C63 /* 2163.cpp */,
				4EB7CFC91FC481FA00D78C63 /* 10992.cpp */,
				4EB7CFC71FC4805900D78C63 /* 10102.cpp */,
				4EB7CFC51FC47EB200D78C63 /* 10103.cpp */,
				4E5556611FC3B4D70062E149 /* 1504.cpp */,
				4E6D36F91FC328850045AB2E /* 10775.cpp */,
				4E6D36F71FC323BB0045AB2E /* 1238.cpp */,
				4EE676CF1FBDE18800E5E5E8 /* 1753.cpp */,
				4EED21991FBDDBE800944F8F /* 1003.cpp */,
				4EED219C1FBDDBE800944F8F /* 1149.cpp */,
				4EED219A1FBDDBE800944F8F /* 1463.cpp */,
				4EED219B1FBDDBE800944F8F /* 1717.cpp */,
				4EED219D1FBDDBE800944F8F /* 11404.cpp */,
				4EED219E1FBDDBE800944F8F /* 11726.cpp */,
			);
			path = correct;
			sourceTree = "<group>";
		};
		4EED21AC1FBDE0D800944F8F /* incorrect */ = {
			isa = PBXGroup;
			children = (
				4EE676D11FBDE81100E5E5E8 /* 4485.cpp */,
				4E55565F1FC3A3350062E149 /* 7569.cpp */,
				4E6F27C01FC5D215002A452D /* 3062.cpp */,
				4E6F27C21FC5DB46002A452D /* 2669.cpp */,
				4E23EAB31FC6B42900591679 /* 14920.cpp */,
				4E4C25A81FEF896C00208E16 /* 1322.cpp */,
				4E29F4461FF36FA200C46D36 /* 2110.cpp */,
				4EB73BB22001FB5100E8953B /* 2890.cpp */,
				4E82AAD620061598002575B7 /* 1789.cpp */,
				4EC813B720071E8F009E2E0E /* BOGGLE.cpp */,
				4EC813BD20073A4F009E2E0E /* 6588.cpp */,
				4E71442D200BBF2600EB0AFA /* 1065.cpp */,
			);
			path = incorrect;
			sourceTree = "<group>";
		};
/* End PBXGroup section */

/* Begin PBXNativeTarget section */
		4ED4C7C91FBDD7C2008D7465 /* Algo */ = {
			isa = PBXNativeTarget;
			buildConfigurationList = 4ED4C7D11FBDD7C2008D7465 /* Build configuration list for PBXNativeTarget "Algo" */;
			buildPhases = (
				4ED4C7C61FBDD7C2008D7465 /* Sources */,
				4ED4C7C71FBDD7C2008D7465 /* Frameworks */,
				4ED4C7C81FBDD7C2008D7465 /* CopyFiles */,
			);
			buildRules = (
			);
			dependencies = (
			);
			name = Algo;
			productName = Algo;
			productReference = 4ED4C7CA1FBDD7C2008D7465 /* Algo */;
			productType = "com.apple.product-type.tool";
		};
/* End PBXNativeTarget section */

/* Begin PBXProject section */
		4ED4C7C21FBDD7C1008D7465 /* Project object */ = {
			isa = PBXProject;
			attributes = {
				LastUpgradeCheck = 0900;
				ORGANIZATIONNAME = "park seong ho";
				TargetAttributes = {
					4ED4C7C91FBDD7C2008D7465 = {
						CreatedOnToolsVersion = 9.0.1;
						ProvisioningStyle = Automatic;
					};
				};
			};
			buildConfigurationList = 4ED4C7C51FBDD7C1008D7465 /* Build configuration list for PBXProject "Algo" */;
			compatibilityVersion = "Xcode 8.0";
			developmentRegion = en;
			hasScannedForEncodings = 0;
			knownRegions = (
				en,
			);
			mainGroup = 4ED4C7C11FBDD7C1008D7465;
			productRefGroup = 4ED4C7CB1FBDD7C2008D7465 /* Products */;
			projectDirPath = "";
			projectRoot = "";
			targets = (
				4ED4C7C91FBDD7C2008D7465 /* Algo */,
			);
		};
/* End PBXProject section */

/* Begin PBXSourcesBuildPhase section */
		4ED4C7C61FBDD7C2008D7465 /* Sources */ = {
			isa = PBXSourcesBuildPhase;
			buildActionMask = 2147483647;
			files = (
			);
			runOnlyForDeploymentPostprocessing = 0;
		};
/* End PBXSourcesBuildPhase section */

/* Begin XCBuildConfiguration section */
		4ED4C7CF1FBDD7C2008D7465 /* Debug */ = {
			isa = XCBuildConfiguration;
			buildSettings = {
				ALWAYS_SEARCH_USER_PATHS = NO;
				CLANG_ANALYZER_NONNULL = YES;
				CLANG_ANALYZER_NUMBER_OBJECT_CONVERSION = YES_AGGRESSIVE;
				CLANG_CXX_LANGUAGE_STANDARD = "gnu++14";
				CLANG_CXX_LIBRARY = "libc++";
				CLANG_ENABLE_MODULES = YES;
				CLANG_ENABLE_OBJC_ARC = YES;
				CLANG_WARN_BLOCK_CAPTURE_AUTORELEASING = YES;
				CLANG_WARN_BOOL_CONVERSION = YES;
				CLANG_WARN_COMMA = YES;
				CLANG_WARN_CONSTANT_CONVERSION = YES;
				CLANG_WARN_DIRECT_OBJC_ISA_USAGE = YES_ERROR;
				CLANG_WARN_DOCUMENTATION_COMMENTS = YES;
				CLANG_WARN_EMPTY_BODY = YES;
				CLANG_WARN_ENUM_CONVERSION = YES;
				CLANG_WARN_INFINITE_RECURSION = YES;
				CLANG_WARN_INT_CONVERSION = YES;
				CLANG_WARN_NON_LITERAL_NULL_CONVERSION = YES;
				CLANG_WARN_OBJC_LITERAL_CONVERSION = YES;
				CLANG_WARN_OBJC_ROOT_CLASS = YES_ERROR;
				CLANG_WARN_RANGE_LOOP_ANALYSIS = YES;
				CLANG_WARN_STRICT_PROTOTYPES = YES;
				CLANG_WARN_SUSPICIOUS_MOVE = YES;
				CLANG_WARN_UNGUARDED_AVAILABILITY = YES_AGGRESSIVE;
				CLANG_WARN_UNREACHABLE_CODE = YES;
				CLANG_WARN__DUPLICATE_METHOD_MATCH = YES;
				CODE_SIGN_IDENTITY = "-";
				COPY_PHASE_STRIP = NO;
				DEBUG_INFORMATION_FORMAT = dwarf;
				ENABLE_STRICT_OBJC_MSGSEND = YES;
				ENABLE_TESTABILITY = YES;
				GCC_C_LANGUAGE_STANDARD = gnu11;
				GCC_DYNAMIC_NO_PIC = NO;
				GCC_NO_COMMON_BLOCKS = YES;
				GCC_OPTIMIZATION_LEVEL = 0;
				GCC_PREPROCESSOR_DEFINITIONS = (
					"DEBUG=1",
					"$(inherited)",
				);
				GCC_WARN_64_TO_32_BIT_CONVERSION = YES;
				GCC_WARN_ABOUT_RETURN_TYPE = YES_ERROR;
				GCC_WARN_UNDECLARED_SELECTOR = YES;
				GCC_WARN_UNINITIALIZED_AUTOS = YES_AGGRESSIVE;
				GCC_WARN_UNUSED_FUNCTION = YES;
				GCC_WARN_UNUSED_VARIABLE = YES;
				MACOSX_DEPLOYMENT_TARGET = 10.13;
				MTL_ENABLE_DEBUG_INFO = YES;
				ONLY_ACTIVE_ARCH = YES;
				SDKROOT = macosx;
			};
			name = Debug;
		};
		4ED4C7D01FBDD7C2008D7465 /* Release */ = {
			isa = XCBuildConfiguration;
			buildSettings = {
				ALWAYS_SEARCH_USER_PATHS = NO;
				CLANG_ANALYZER_NONNULL = YES;
				CLANG_ANALYZER_NUMBER_OBJECT_CONVERSION = YES_AGGRESSIVE;
				CLANG_CXX_LANGUAGE_STANDARD = "gnu++14";
				CLANG_CXX_LIBRARY = "libc++";
				CLANG_ENABLE_MODULES = YES;
				CLANG_ENABLE_OBJC_ARC = YES;
				CLANG_WARN_BLOCK_CAPTURE_AUTORELEASING = YES;
				CLANG_WARN_BOOL_CONVERSION = YES;
				CLANG_WARN_COMMA = YES;
				CLANG_WARN_CONSTANT_CONVERSION = YES;
				CLANG_WARN_DIRECT_OBJC_ISA_USAGE = YES_ERROR;
				CLANG_WARN_DOCUMENTATION_COMMENTS = YES;
				CLANG_WARN_EMPTY_BODY = YES;
				CLANG_WARN_ENUM_CONVERSION = YES;
				CLANG_WARN_INFINITE_RECURSION = YES;
				CLANG_WARN_INT_CONVERSION = YES;
				CLANG_WARN_NON_LITERAL_NULL_CONVERSION = YES;
				CLANG_WARN_OBJC_LITERAL_CONVERSION = YES;
				CLANG_WARN_OBJC_ROOT_CLASS = YES_ERROR;
				CLANG_WARN_RANGE_LOOP_ANALYSIS = YES;
				CLANG_WARN_STRICT_PROTOTYPES = YES;
				CLANG_WARN_SUSPICIOUS_MOVE = YES;
				CLANG_WARN_UNGUARDED_AVAILABILITY = YES_AGGRESSIVE;
				CLANG_WARN_UNREACHABLE_CODE = YES;
				CLANG_WARN__DUPLICATE_METHOD_MATCH = YES;
				CODE_SIGN_IDENTITY = "-";
				COPY_PHASE_STRIP = NO;
				DEBUG_INFORMATION_FORMAT = "dwarf-with-dsym";
				ENABLE_NS_ASSERTIONS = NO;
				ENABLE_STRICT_OBJC_MSGSEND = YES;
				GCC_C_LANGUAGE_STANDARD = gnu11;
				GCC_NO_COMMON_BLOCKS = YES;
				GCC_WARN_64_TO_32_BIT_CONVERSION = YES;
				GCC_WARN_ABOUT_RETURN_TYPE = YES_ERROR;
				GCC_WARN_UNDECLARED_SELECTOR = YES;
				GCC_WARN_UNINITIALIZED_AUTOS = YES_AGGRESSIVE;
				GCC_WARN_UNUSED_FUNCTION = YES;
				GCC_WARN_UNUSED_VARIABLE = YES;
				MACOSX_DEPLOYMENT_TARGET = 10.13;
				MTL_ENABLE_DEBUG_INFO = NO;
				SDKROOT = macosx;
			};
			name = Release;
		};
		4ED4C7D21FBDD7C2008D7465 /* Debug */ = {
			isa = XCBuildConfiguration;
			buildSettings = {
				CODE_SIGN_STYLE = Automatic;
				PRODUCT_NAME = "$(TARGET_NAME)";
			};
			name = Debug;
		};
		4ED4C7D31FBDD7C2008D7465 /* Release */ = {
			isa = XCBuildConfiguration;
			buildSettings = {
				CODE_SIGN_STYLE = Automatic;
				PRODUCT_NAME = "$(TARGET_NAME)";
			};
			name = Release;
		};
/* End XCBuildConfiguration section */

/* Begin XCConfigurationList section */
		4ED4C7C51FBDD7C1008D7465 /* Build configuration list for PBXProject "Algo" */ = {
			isa = XCConfigurationList;
			buildConfigurations = (
				4ED4C7CF1FBDD7C2008D7465 /* Debug */,
				4ED4C7D01FBDD7C2008D7465 /* Release */,
			);
			defaultConfigurationIsVisible = 0;
			defaultConfigurationName = Release;
		};
		4ED4C7D11FBDD7C2008D7465 /* Build configuration list for PBXNativeTarget "Algo" */ = {
			isa = XCConfigurationList;
			buildConfigurations = (
				4ED4C7D21FBDD7C2008D7465 /* Debug */,
				4ED4C7D31FBDD7C2008D7465 /* Release */,
			);
			defaultConfigurationIsVisible = 0;
			defaultConfigurationName = Release;
		};
/* End XCConfigurationList section */
	};
	rootObject = 4ED4C7C21FBDD7C1008D7465 /* Project object */;
}
